// !$*UTF8*$!
{
	archiveVersion = 1;
	classes = {
	};
	objectVersion = 50;
	objects = {

/* Begin PBXBuildFile section */
		3804FCFF2639C9310084959B /* RemoteFeedLoader.swift in Sources */ = {isa = PBXBuildFile; fileRef = 3804FCFE2639C9310084959B /* RemoteFeedLoader.swift */; };
		383CF6E826655FBF001F4272 /* FeedStoreSpy.swift in Sources */ = {isa = PBXBuildFile; fileRef = 383CF6E726655FBF001F4272 /* FeedStoreSpy.swift */; };
		3853B6962666A4A100D14854 /* ValidateFeedCacheUseCase.swift in Sources */ = {isa = PBXBuildFile; fileRef = 3853B6952666A4A100D14854 /* ValidateFeedCacheUseCase.swift */; };
		3853B6982666AF0B00D14854 /* FeedCacheTestHelpers.swift in Sources */ = {isa = PBXBuildFile; fileRef = 3853B6972666AF0B00D14854 /* FeedCacheTestHelpers.swift */; };
		3853B69A2666AFE300D14854 /* SharedTestHelpers.swift in Sources */ = {isa = PBXBuildFile; fileRef = 3853B6992666AFE300D14854 /* SharedTestHelpers.swift */; };
		3860172726499D250066F663 /* XCTTestCase+MemoryLeakTracking.swift in Sources */ = {isa = PBXBuildFile; fileRef = 3860172626499D250066F663 /* XCTTestCase+MemoryLeakTracking.swift */; };
		38869F402646AB540034435D /* FeedItemsMapper.swift in Sources */ = {isa = PBXBuildFile; fileRef = 38869F3F2646AB540034435D /* FeedItemsMapper.swift */; };
		38869F452647C9F80034435D /* HTTPClient.swift in Sources */ = {isa = PBXBuildFile; fileRef = 38869F442647C9F80034435D /* HTTPClient.swift */; };
		38869F472647CB6D0034435D /* URLSessionHTTPClientTests.swift in Sources */ = {isa = PBXBuildFile; fileRef = 38869F462647CB6D0034435D /* URLSessionHTTPClientTests.swift */; };
		38919C3826655D07000B8F5C /* LoadFeedFromCacheUseCase.swift in Sources */ = {isa = PBXBuildFile; fileRef = 38919C3726655D07000B8F5C /* LoadFeedFromCacheUseCase.swift */; };
		389F26BB266013BE00B11E5C /* FeedStore.swift in Sources */ = {isa = PBXBuildFile; fileRef = 389F26BA266013BE00B11E5C /* FeedStore.swift */; };
		389F26BD2660143D00B11E5C /* LocalFeedLoader.swift in Sources */ = {isa = PBXBuildFile; fileRef = 389F26BC2660143D00B11E5C /* LocalFeedLoader.swift */; };
		389F26BF2663BDE900B11E5C /* LocalFeedImage.swift in Sources */ = {isa = PBXBuildFile; fileRef = 389F26BE2663BDE900B11E5C /* LocalFeedImage.swift */; };
		389F26C12663C52F00B11E5C /* RemoteFeedItem.swift in Sources */ = {isa = PBXBuildFile; fileRef = 389F26C02663C52F00B11E5C /* RemoteFeedItem.swift */; };
		38AAD47F261B4549004D6AF6 /* EssentialFeed.framework in Frameworks */ = {isa = PBXBuildFile; fileRef = 38AAD475261B4549004D6AF6 /* EssentialFeed.framework */; };
		38AAD484261B4549004D6AF6 /* LoadFeedFromRemoteUseCaseTests.swift in Sources */ = {isa = PBXBuildFile; fileRef = 38AAD483261B4549004D6AF6 /* LoadFeedFromRemoteUseCaseTests.swift */; };
		38AAD486261B4549004D6AF6 /* EssentialFeed.h in Headers */ = {isa = PBXBuildFile; fileRef = 38AAD478261B4549004D6AF6 /* EssentialFeed.h */; settings = {ATTRIBUTES = (Public, ); }; };
		38AAD492261B4B12004D6AF6 /* FeedImage.swift in Sources */ = {isa = PBXBuildFile; fileRef = 38AAD491261B4B12004D6AF6 /* FeedImage.swift */; };
		38AAD496261B4BDB004D6AF6 /* FeedLoader.swift in Sources */ = {isa = PBXBuildFile; fileRef = 38AAD495261B4BDB004D6AF6 /* FeedLoader.swift */; };
		38B12359265D57C800D8F93C /* CacheFeedUseCase.swift in Sources */ = {isa = PBXBuildFile; fileRef = 38B12358265D57C800D8F93C /* CacheFeedUseCase.swift */; };
		38EF491C26553D5200EE6AF8 /* EssentialFeedAPIEndToEndTests.swift in Sources */ = {isa = PBXBuildFile; fileRef = 38EF491B26553D5200EE6AF8 /* EssentialFeedAPIEndToEndTests.swift */; };
		38EF491E26553D5200EE6AF8 /* EssentialFeed.framework in Frameworks */ = {isa = PBXBuildFile; fileRef = 38AAD475261B4549004D6AF6 /* EssentialFeed.framework */; };
		38EF49242655492100EE6AF8 /* XCTTestCase+MemoryLeakTracking.swift in Sources */ = {isa = PBXBuildFile; fileRef = 3860172626499D250066F663 /* XCTTestCase+MemoryLeakTracking.swift */; };
		38F8DEC42652C3360090CD73 /* URLSessionHTTPClient.swift in Sources */ = {isa = PBXBuildFile; fileRef = 38F8DEC12652C2F20090CD73 /* URLSessionHTTPClient.swift */; };
/* End PBXBuildFile section */

/* Begin PBXContainerItemProxy section */
		38AAD480261B4549004D6AF6 /* PBXContainerItemProxy */ = {
			isa = PBXContainerItemProxy;
			containerPortal = 38AAD46C261B4549004D6AF6 /* Project object */;
			proxyType = 1;
			remoteGlobalIDString = 38AAD474261B4549004D6AF6;
			remoteInfo = EssentialFeed;
		};
		38EF491F26553D5200EE6AF8 /* PBXContainerItemProxy */ = {
			isa = PBXContainerItemProxy;
			containerPortal = 38AAD46C261B4549004D6AF6 /* Project object */;
			proxyType = 1;
			remoteGlobalIDString = 38AAD474261B4549004D6AF6;
			remoteInfo = EssentialFeed;
		};
/* End PBXContainerItemProxy section */

/* Begin PBXFileReference section */
		3804FCFE2639C9310084959B /* RemoteFeedLoader.swift */ = {isa = PBXFileReference; lastKnownFileType = sourcecode.swift; path = RemoteFeedLoader.swift; sourceTree = "<group>"; };
		383CF6E726655FBF001F4272 /* FeedStoreSpy.swift */ = {isa = PBXFileReference; lastKnownFileType = sourcecode.swift; path = FeedStoreSpy.swift; sourceTree = "<group>"; };
		3853B6952666A4A100D14854 /* ValidateFeedCacheUseCase.swift */ = {isa = PBXFileReference; lastKnownFileType = sourcecode.swift; path = ValidateFeedCacheUseCase.swift; sourceTree = "<group>"; };
		3853B6972666AF0B00D14854 /* FeedCacheTestHelpers.swift */ = {isa = PBXFileReference; lastKnownFileType = sourcecode.swift; path = FeedCacheTestHelpers.swift; sourceTree = "<group>"; };
		3853B6992666AFE300D14854 /* SharedTestHelpers.swift */ = {isa = PBXFileReference; lastKnownFileType = sourcecode.swift; path = SharedTestHelpers.swift; sourceTree = "<group>"; };
		3860172626499D250066F663 /* XCTTestCase+MemoryLeakTracking.swift */ = {isa = PBXFileReference; lastKnownFileType = sourcecode.swift; path = "XCTTestCase+MemoryLeakTracking.swift"; sourceTree = "<group>"; };
		38869F3F2646AB540034435D /* FeedItemsMapper.swift */ = {isa = PBXFileReference; lastKnownFileType = sourcecode.swift; path = FeedItemsMapper.swift; sourceTree = "<group>"; };
		38869F442647C9F80034435D /* HTTPClient.swift */ = {isa = PBXFileReference; lastKnownFileType = sourcecode.swift; path = HTTPClient.swift; sourceTree = "<group>"; };
		38869F462647CB6D0034435D /* URLSessionHTTPClientTests.swift */ = {isa = PBXFileReference; lastKnownFileType = sourcecode.swift; path = URLSessionHTTPClientTests.swift; sourceTree = "<group>"; };
		38919C3726655D07000B8F5C /* LoadFeedFromCacheUseCase.swift */ = {isa = PBXFileReference; lastKnownFileType = sourcecode.swift; path = LoadFeedFromCacheUseCase.swift; sourceTree = "<group>"; };
		389F26BA266013BE00B11E5C /* FeedStore.swift */ = {isa = PBXFileReference; lastKnownFileType = sourcecode.swift; path = FeedStore.swift; sourceTree = "<group>"; };
		389F26BC2660143D00B11E5C /* LocalFeedLoader.swift */ = {isa = PBXFileReference; lastKnownFileType = sourcecode.swift; path = LocalFeedLoader.swift; sourceTree = "<group>"; };
		389F26BE2663BDE900B11E5C /* LocalFeedImage.swift */ = {isa = PBXFileReference; lastKnownFileType = sourcecode.swift; path = LocalFeedImage.swift; sourceTree = "<group>"; };
		389F26C02663C52F00B11E5C /* RemoteFeedItem.swift */ = {isa = PBXFileReference; lastKnownFileType = sourcecode.swift; path = RemoteFeedItem.swift; sourceTree = "<group>"; };
		38AAD475261B4549004D6AF6 /* EssentialFeed.framework */ = {isa = PBXFileReference; explicitFileType = wrapper.framework; includeInIndex = 0; path = EssentialFeed.framework; sourceTree = BUILT_PRODUCTS_DIR; };
		38AAD478261B4549004D6AF6 /* EssentialFeed.h */ = {isa = PBXFileReference; lastKnownFileType = sourcecode.c.h; path = EssentialFeed.h; sourceTree = "<group>"; };
		38AAD479261B4549004D6AF6 /* Info.plist */ = {isa = PBXFileReference; lastKnownFileType = text.plist.xml; path = Info.plist; sourceTree = "<group>"; };
		38AAD47E261B4549004D6AF6 /* EssentialFeedTests.xctest */ = {isa = PBXFileReference; explicitFileType = wrapper.cfbundle; includeInIndex = 0; path = EssentialFeedTests.xctest; sourceTree = BUILT_PRODUCTS_DIR; };
		38AAD483261B4549004D6AF6 /* LoadFeedFromRemoteUseCaseTests.swift */ = {isa = PBXFileReference; lastKnownFileType = sourcecode.swift; path = LoadFeedFromRemoteUseCaseTests.swift; sourceTree = "<group>"; };
		38AAD485261B4549004D6AF6 /* Info.plist */ = {isa = PBXFileReference; lastKnownFileType = text.plist.xml; path = Info.plist; sourceTree = "<group>"; };
		38AAD491261B4B12004D6AF6 /* FeedImage.swift */ = {isa = PBXFileReference; lastKnownFileType = sourcecode.swift; path = FeedImage.swift; sourceTree = "<group>"; };
		38AAD495261B4BDB004D6AF6 /* FeedLoader.swift */ = {isa = PBXFileReference; lastKnownFileType = sourcecode.swift; path = FeedLoader.swift; sourceTree = "<group>"; };
		38B12358265D57C800D8F93C /* CacheFeedUseCase.swift */ = {isa = PBXFileReference; lastKnownFileType = sourcecode.swift; path = CacheFeedUseCase.swift; sourceTree = "<group>"; };
		38EF491926553D5200EE6AF8 /* EssentialFeedAPIEndToEndTests.xctest */ = {isa = PBXFileReference; explicitFileType = wrapper.cfbundle; includeInIndex = 0; path = EssentialFeedAPIEndToEndTests.xctest; sourceTree = BUILT_PRODUCTS_DIR; };
		38EF491B26553D5200EE6AF8 /* EssentialFeedAPIEndToEndTests.swift */ = {isa = PBXFileReference; lastKnownFileType = sourcecode.swift; path = EssentialFeedAPIEndToEndTests.swift; sourceTree = "<group>"; };
		38EF491D26553D5200EE6AF8 /* Info.plist */ = {isa = PBXFileReference; lastKnownFileType = text.plist.xml; path = Info.plist; sourceTree = "<group>"; };
		38F8DEC12652C2F20090CD73 /* URLSessionHTTPClient.swift */ = {isa = PBXFileReference; lastKnownFileType = sourcecode.swift; path = URLSessionHTTPClient.swift; sourceTree = "<group>"; };
/* End PBXFileReference section */

/* Begin PBXFrameworksBuildPhase section */
		38AAD472261B4549004D6AF6 /* Frameworks */ = {
			isa = PBXFrameworksBuildPhase;
			buildActionMask = 2147483647;
			files = (
			);
			runOnlyForDeploymentPostprocessing = 0;
		};
		38AAD47B261B4549004D6AF6 /* Frameworks */ = {
			isa = PBXFrameworksBuildPhase;
			buildActionMask = 2147483647;
			files = (
				38AAD47F261B4549004D6AF6 /* EssentialFeed.framework in Frameworks */,
			);
			runOnlyForDeploymentPostprocessing = 0;
		};
		38EF491626553D5200EE6AF8 /* Frameworks */ = {
			isa = PBXFrameworksBuildPhase;
			buildActionMask = 2147483647;
			files = (
				38EF491E26553D5200EE6AF8 /* EssentialFeed.framework in Frameworks */,
			);
			runOnlyForDeploymentPostprocessing = 0;
		};
/* End PBXFrameworksBuildPhase section */

/* Begin PBXGroup section */
		3804FCFD2639C91B0084959B /* Feed API */ = {
			isa = PBXGroup;
			children = (
				3804FCFE2639C9310084959B /* RemoteFeedLoader.swift */,
				389F26C02663C52F00B11E5C /* RemoteFeedItem.swift */,
				38869F3F2646AB540034435D /* FeedItemsMapper.swift */,
				38869F442647C9F80034435D /* HTTPClient.swift */,
				38F8DEC12652C2F20090CD73 /* URLSessionHTTPClient.swift */,
			);
			path = "Feed API";
			sourceTree = "<group>";
		};
		383CF6E626655FA8001F4272 /* Helper */ = {
			isa = PBXGroup;
			children = (
				383CF6E726655FBF001F4272 /* FeedStoreSpy.swift */,
				3853B6972666AF0B00D14854 /* FeedCacheTestHelpers.swift */,
			);
			path = Helper;
			sourceTree = "<group>";
		};
		3860172826499DA20066F663 /* Helper */ = {
			isa = PBXGroup;
			children = (
				3860172626499D250066F663 /* XCTTestCase+MemoryLeakTracking.swift */,
				3853B6992666AFE300D14854 /* SharedTestHelpers.swift */,
			);
			path = Helper;
			sourceTree = "<group>";
		};
		38869F432646E5540034435D /* Feed Api */ = {
			isa = PBXGroup;
			children = (
				38AAD483261B4549004D6AF6 /* LoadFeedFromRemoteUseCaseTests.swift */,
				38869F462647CB6D0034435D /* URLSessionHTTPClientTests.swift */,
			);
			path = "Feed Api";
			sourceTree = "<group>";
		};
		389F26B9266013B100B11E5C /* Feed Cache */ = {
			isa = PBXGroup;
			children = (
				389F26BA266013BE00B11E5C /* FeedStore.swift */,
				389F26BC2660143D00B11E5C /* LocalFeedLoader.swift */,
				389F26BE2663BDE900B11E5C /* LocalFeedImage.swift */,
			);
			path = "Feed Cache";
			sourceTree = "<group>";
		};
		38AAD46B261B4549004D6AF6 = {
			isa = PBXGroup;
			children = (
				38AAD477261B4549004D6AF6 /* EssentialFeed */,
				38AAD482261B4549004D6AF6 /* EssentialFeedTests */,
				38EF491A26553D5200EE6AF8 /* EssentialFeedAPIEndToEndTests */,
				38AAD476261B4549004D6AF6 /* Products */,
			);
			sourceTree = "<group>";
		};
		38AAD476261B4549004D6AF6 /* Products */ = {
			isa = PBXGroup;
			children = (
				38AAD475261B4549004D6AF6 /* EssentialFeed.framework */,
				38AAD47E261B4549004D6AF6 /* EssentialFeedTests.xctest */,
				38EF491926553D5200EE6AF8 /* EssentialFeedAPIEndToEndTests.xctest */,
			);
			name = Products;
			sourceTree = "<group>";
		};
		38AAD477261B4549004D6AF6 /* EssentialFeed */ = {
			isa = PBXGroup;
			children = (
				38AAD478261B4549004D6AF6 /* EssentialFeed.h */,
				38AAD479261B4549004D6AF6 /* Info.plist */,
				3804FCFD2639C91B0084959B /* Feed API */,
				389F26B9266013B100B11E5C /* Feed Cache */,
				38AAD4A5261B4D52004D6AF6 /* Feed Feature */,
			);
			path = EssentialFeed;
			sourceTree = "<group>";
		};
		38AAD482261B4549004D6AF6 /* EssentialFeedTests */ = {
			isa = PBXGroup;
			children = (
				3860172826499DA20066F663 /* Helper */,
				38B12357265D57B700D8F93C /* Feed Cache */,
				38869F432646E5540034435D /* Feed Api */,
				38AAD485261B4549004D6AF6 /* Info.plist */,
			);
			path = EssentialFeedTests;
			sourceTree = "<group>";
		};
		38AAD4A5261B4D52004D6AF6 /* Feed Feature */ = {
			isa = PBXGroup;
			children = (
				38AAD491261B4B12004D6AF6 /* FeedImage.swift */,
				38AAD495261B4BDB004D6AF6 /* FeedLoader.swift */,
			);
			path = "Feed Feature";
			sourceTree = "<group>";
		};
		38B12357265D57B700D8F93C /* Feed Cache */ = {
			isa = PBXGroup;
			children = (
				383CF6E626655FA8001F4272 /* Helper */,
				38B12358265D57C800D8F93C /* CacheFeedUseCase.swift */,
				3853B6952666A4A100D14854 /* ValidateFeedCacheUseCase.swift */,
				38919C3726655D07000B8F5C /* LoadFeedFromCacheUseCase.swift */,
			);
			path = "Feed Cache";
			sourceTree = "<group>";
		};
		38EF491A26553D5200EE6AF8 /* EssentialFeedAPIEndToEndTests */ = {
			isa = PBXGroup;
			children = (
				38EF491B26553D5200EE6AF8 /* EssentialFeedAPIEndToEndTests.swift */,
				38EF491D26553D5200EE6AF8 /* Info.plist */,
			);
			path = EssentialFeedAPIEndToEndTests;
			sourceTree = "<group>";
		};
/* End PBXGroup section */

/* Begin PBXHeadersBuildPhase section */
		38AAD470261B4549004D6AF6 /* Headers */ = {
			isa = PBXHeadersBuildPhase;
			buildActionMask = 2147483647;
			files = (
				38AAD486261B4549004D6AF6 /* EssentialFeed.h in Headers */,
			);
			runOnlyForDeploymentPostprocessing = 0;
		};
/* End PBXHeadersBuildPhase section */

/* Begin PBXNativeTarget section */
		38AAD474261B4549004D6AF6 /* EssentialFeed */ = {
			isa = PBXNativeTarget;
			buildConfigurationList = 38AAD489261B4549004D6AF6 /* Build configuration list for PBXNativeTarget "EssentialFeed" */;
			buildPhases = (
				38AAD470261B4549004D6AF6 /* Headers */,
				38AAD471261B4549004D6AF6 /* Sources */,
				38AAD472261B4549004D6AF6 /* Frameworks */,
				38AAD473261B4549004D6AF6 /* Resources */,
			);
			buildRules = (
			);
			dependencies = (
			);
			name = EssentialFeed;
			productName = EssentialFeed;
			productReference = 38AAD475261B4549004D6AF6 /* EssentialFeed.framework */;
			productType = "com.apple.product-type.framework";
		};
		38AAD47D261B4549004D6AF6 /* EssentialFeedTests */ = {
			isa = PBXNativeTarget;
			buildConfigurationList = 38AAD48C261B4549004D6AF6 /* Build configuration list for PBXNativeTarget "EssentialFeedTests" */;
			buildPhases = (
				38AAD47A261B4549004D6AF6 /* Sources */,
				38AAD47B261B4549004D6AF6 /* Frameworks */,
				38AAD47C261B4549004D6AF6 /* Resources */,
			);
			buildRules = (
			);
			dependencies = (
				38AAD481261B4549004D6AF6 /* PBXTargetDependency */,
			);
			name = EssentialFeedTests;
			productName = EssentialFeedTests;
			productReference = 38AAD47E261B4549004D6AF6 /* EssentialFeedTests.xctest */;
			productType = "com.apple.product-type.bundle.unit-test";
		};
		38EF491826553D5200EE6AF8 /* EssentialFeedAPIEndToEndTests */ = {
			isa = PBXNativeTarget;
			buildConfigurationList = 38EF492126553D5200EE6AF8 /* Build configuration list for PBXNativeTarget "EssentialFeedAPIEndToEndTests" */;
			buildPhases = (
				38EF491526553D5200EE6AF8 /* Sources */,
				38EF491626553D5200EE6AF8 /* Frameworks */,
				38EF491726553D5200EE6AF8 /* Resources */,
			);
			buildRules = (
			);
			dependencies = (
				38EF492026553D5200EE6AF8 /* PBXTargetDependency */,
			);
			name = EssentialFeedAPIEndToEndTests;
			productName = EssentialFeedAPIEndToEndTests;
			productReference = 38EF491926553D5200EE6AF8 /* EssentialFeedAPIEndToEndTests.xctest */;
			productType = "com.apple.product-type.bundle.unit-test";
		};
/* End PBXNativeTarget section */

/* Begin PBXProject section */
		38AAD46C261B4549004D6AF6 /* Project object */ = {
			isa = PBXProject;
			attributes = {
				LastSwiftUpdateCheck = 1250;
				LastUpgradeCheck = 1240;
				ORGANIZATIONNAME = "Andreas Link";
				TargetAttributes = {
					38AAD474261B4549004D6AF6 = {
						CreatedOnToolsVersion = 12.4;
						LastSwiftMigration = 1240;
					};
					38AAD47D261B4549004D6AF6 = {
						CreatedOnToolsVersion = 12.4;
					};
					38EF491826553D5200EE6AF8 = {
						CreatedOnToolsVersion = 12.5;
					};
				};
			};
			buildConfigurationList = 38AAD46F261B4549004D6AF6 /* Build configuration list for PBXProject "EssentialFeed" */;
			compatibilityVersion = "Xcode 9.3";
			developmentRegion = en;
			hasScannedForEncodings = 0;
			knownRegions = (
				en,
				Base,
			);
			mainGroup = 38AAD46B261B4549004D6AF6;
			productRefGroup = 38AAD476261B4549004D6AF6 /* Products */;
			projectDirPath = "";
			projectRoot = "";
			targets = (
				38AAD474261B4549004D6AF6 /* EssentialFeed */,
				38AAD47D261B4549004D6AF6 /* EssentialFeedTests */,
				38EF491826553D5200EE6AF8 /* EssentialFeedAPIEndToEndTests */,
			);
		};
/* End PBXProject section */

/* Begin PBXResourcesBuildPhase section */
		38AAD473261B4549004D6AF6 /* Resources */ = {
			isa = PBXResourcesBuildPhase;
			buildActionMask = 2147483647;
			files = (
			);
			runOnlyForDeploymentPostprocessing = 0;
		};
		38AAD47C261B4549004D6AF6 /* Resources */ = {
			isa = PBXResourcesBuildPhase;
			buildActionMask = 2147483647;
			files = (
			);
			runOnlyForDeploymentPostprocessing = 0;
		};
		38EF491726553D5200EE6AF8 /* Resources */ = {
			isa = PBXResourcesBuildPhase;
			buildActionMask = 2147483647;
			files = (
			);
			runOnlyForDeploymentPostprocessing = 0;
		};
/* End PBXResourcesBuildPhase section */

/* Begin PBXSourcesBuildPhase section */
		38AAD471261B4549004D6AF6 /* Sources */ = {
			isa = PBXSourcesBuildPhase;
			buildActionMask = 2147483647;
			files = (
				38869F452647C9F80034435D /* HTTPClient.swift in Sources */,
				38AAD492261B4B12004D6AF6 /* FeedImage.swift in Sources */,
				3804FCFF2639C9310084959B /* RemoteFeedLoader.swift in Sources */,
				38AAD496261B4BDB004D6AF6 /* FeedLoader.swift in Sources */,
				389F26BF2663BDE900B11E5C /* LocalFeedImage.swift in Sources */,
				389F26BB266013BE00B11E5C /* FeedStore.swift in Sources */,
				389F26C12663C52F00B11E5C /* RemoteFeedItem.swift in Sources */,
				38869F402646AB540034435D /* FeedItemsMapper.swift in Sources */,
				389F26BD2660143D00B11E5C /* LocalFeedLoader.swift in Sources */,
				38F8DEC42652C3360090CD73 /* URLSessionHTTPClient.swift in Sources */,
			);
			runOnlyForDeploymentPostprocessing = 0;
		};
		38AAD47A261B4549004D6AF6 /* Sources */ = {
			isa = PBXSourcesBuildPhase;
			buildActionMask = 2147483647;
			files = (
				3853B6982666AF0B00D14854 /* FeedCacheTestHelpers.swift in Sources */,
				3860172726499D250066F663 /* XCTTestCase+MemoryLeakTracking.swift in Sources */,
				38AAD484261B4549004D6AF6 /* LoadFeedFromRemoteUseCaseTests.swift in Sources */,
				383CF6E826655FBF001F4272 /* FeedStoreSpy.swift in Sources */,
				38B12359265D57C800D8F93C /* CacheFeedUseCase.swift in Sources */,
				3853B69A2666AFE300D14854 /* SharedTestHelpers.swift in Sources */,
				38869F472647CB6D0034435D /* URLSessionHTTPClientTests.swift in Sources */,
				38919C3826655D07000B8F5C /* LoadFeedFromCacheUseCase.swift in Sources */,
				3853B6962666A4A100D14854 /* ValidateFeedCacheUseCase.swift in Sources */,
			);
			runOnlyForDeploymentPostprocessing = 0;
		};
		38EF491526553D5200EE6AF8 /* Sources */ = {
			isa = PBXSourcesBuildPhase;
			buildActionMask = 2147483647;
			files = (
				38EF49242655492100EE6AF8 /* XCTTestCase+MemoryLeakTracking.swift in Sources */,
				38EF491C26553D5200EE6AF8 /* EssentialFeedAPIEndToEndTests.swift in Sources */,
			);
			runOnlyForDeploymentPostprocessing = 0;
		};
/* End PBXSourcesBuildPhase section */

/* Begin PBXTargetDependency section */
		38AAD481261B4549004D6AF6 /* PBXTargetDependency */ = {
			isa = PBXTargetDependency;
			target = 38AAD474261B4549004D6AF6 /* EssentialFeed */;
			targetProxy = 38AAD480261B4549004D6AF6 /* PBXContainerItemProxy */;
		};
		38EF492026553D5200EE6AF8 /* PBXTargetDependency */ = {
			isa = PBXTargetDependency;
			target = 38AAD474261B4549004D6AF6 /* EssentialFeed */;
			targetProxy = 38EF491F26553D5200EE6AF8 /* PBXContainerItemProxy */;
		};
/* End PBXTargetDependency section */

/* Begin XCBuildConfiguration section */
		38AAD487261B4549004D6AF6 /* Debug */ = {
			isa = XCBuildConfiguration;
			buildSettings = {
				ALWAYS_SEARCH_USER_PATHS = NO;
				CLANG_ANALYZER_NONNULL = YES;
				CLANG_ANALYZER_NUMBER_OBJECT_CONVERSION = YES_AGGRESSIVE;
				CLANG_CXX_LANGUAGE_STANDARD = "gnu++14";
				CLANG_CXX_LIBRARY = "libc++";
				CLANG_ENABLE_MODULES = YES;
				CLANG_ENABLE_OBJC_ARC = YES;
				CLANG_ENABLE_OBJC_WEAK = YES;
				CLANG_WARN_BLOCK_CAPTURE_AUTORELEASING = YES;
				CLANG_WARN_BOOL_CONVERSION = YES;
				CLANG_WARN_COMMA = YES;
				CLANG_WARN_CONSTANT_CONVERSION = YES;
				CLANG_WARN_DEPRECATED_OBJC_IMPLEMENTATIONS = YES;
				CLANG_WARN_DIRECT_OBJC_ISA_USAGE = YES_ERROR;
				CLANG_WARN_DOCUMENTATION_COMMENTS = YES;
				CLANG_WARN_EMPTY_BODY = YES;
				CLANG_WARN_ENUM_CONVERSION = YES;
				CLANG_WARN_INFINITE_RECURSION = YES;
				CLANG_WARN_INT_CONVERSION = YES;
				CLANG_WARN_NON_LITERAL_NULL_CONVERSION = YES;
				CLANG_WARN_OBJC_IMPLICIT_RETAIN_SELF = YES;
				CLANG_WARN_OBJC_LITERAL_CONVERSION = YES;
				CLANG_WARN_OBJC_ROOT_CLASS = YES_ERROR;
				CLANG_WARN_QUOTED_INCLUDE_IN_FRAMEWORK_HEADER = YES;
				CLANG_WARN_RANGE_LOOP_ANALYSIS = YES;
				CLANG_WARN_STRICT_PROTOTYPES = YES;
				CLANG_WARN_SUSPICIOUS_MOVE = YES;
				CLANG_WARN_UNGUARDED_AVAILABILITY = YES_AGGRESSIVE;
				CLANG_WARN_UNREACHABLE_CODE = YES;
				CLANG_WARN__DUPLICATE_METHOD_MATCH = YES;
				COPY_PHASE_STRIP = NO;
				CURRENT_PROJECT_VERSION = 1;
				DEBUG_INFORMATION_FORMAT = dwarf;
				ENABLE_STRICT_OBJC_MSGSEND = YES;
				ENABLE_TESTABILITY = YES;
				GCC_C_LANGUAGE_STANDARD = gnu11;
				GCC_DYNAMIC_NO_PIC = NO;
				GCC_NO_COMMON_BLOCKS = YES;
				GCC_OPTIMIZATION_LEVEL = 0;
				GCC_PREPROCESSOR_DEFINITIONS = (
					"DEBUG=1",
					"$(inherited)",
				);
				GCC_WARN_64_TO_32_BIT_CONVERSION = YES;
				GCC_WARN_ABOUT_RETURN_TYPE = YES_ERROR;
				GCC_WARN_UNDECLARED_SELECTOR = YES;
				GCC_WARN_UNINITIALIZED_AUTOS = YES_AGGRESSIVE;
				GCC_WARN_UNUSED_FUNCTION = YES;
				GCC_WARN_UNUSED_VARIABLE = YES;
				MACOSX_DEPLOYMENT_TARGET = 11.1;
				MTL_ENABLE_DEBUG_INFO = INCLUDE_SOURCE;
				MTL_FAST_MATH = YES;
				ONLY_ACTIVE_ARCH = YES;
				SDKROOT = macosx;
				SWIFT_ACTIVE_COMPILATION_CONDITIONS = DEBUG;
				SWIFT_OPTIMIZATION_LEVEL = "-Onone";
				VERSIONING_SYSTEM = "apple-generic";
				VERSION_INFO_PREFIX = "";
			};
			name = Debug;
		};
		38AAD488261B4549004D6AF6 /* Release */ = {
			isa = XCBuildConfiguration;
			buildSettings = {
				ALWAYS_SEARCH_USER_PATHS = NO;
				CLANG_ANALYZER_NONNULL = YES;
				CLANG_ANALYZER_NUMBER_OBJECT_CONVERSION = YES_AGGRESSIVE;
				CLANG_CXX_LANGUAGE_STANDARD = "gnu++14";
				CLANG_CXX_LIBRARY = "libc++";
				CLANG_ENABLE_MODULES = YES;
				CLANG_ENABLE_OBJC_ARC = YES;
				CLANG_ENABLE_OBJC_WEAK = YES;
				CLANG_WARN_BLOCK_CAPTURE_AUTORELEASING = YES;
				CLANG_WARN_BOOL_CONVERSION = YES;
				CLANG_WARN_COMMA = YES;
				CLANG_WARN_CONSTANT_CONVERSION = YES;
				CLANG_WARN_DEPRECATED_OBJC_IMPLEMENTATIONS = YES;
				CLANG_WARN_DIRECT_OBJC_ISA_USAGE = YES_ERROR;
				CLANG_WARN_DOCUMENTATION_COMMENTS = YES;
				CLANG_WARN_EMPTY_BODY = YES;
				CLANG_WARN_ENUM_CONVERSION = YES;
				CLANG_WARN_INFINITE_RECURSION = YES;
				CLANG_WARN_INT_CONVERSION = YES;
				CLANG_WARN_NON_LITERAL_NULL_CONVERSION = YES;
				CLANG_WARN_OBJC_IMPLICIT_RETAIN_SELF = YES;
				CLANG_WARN_OBJC_LITERAL_CONVERSION = YES;
				CLANG_WARN_OBJC_ROOT_CLASS = YES_ERROR;
				CLANG_WARN_QUOTED_INCLUDE_IN_FRAMEWORK_HEADER = YES;
				CLANG_WARN_RANGE_LOOP_ANALYSIS = YES;
				CLANG_WARN_STRICT_PROTOTYPES = YES;
				CLANG_WARN_SUSPICIOUS_MOVE = YES;
				CLANG_WARN_UNGUARDED_AVAILABILITY = YES_AGGRESSIVE;
				CLANG_WARN_UNREACHABLE_CODE = YES;
				CLANG_WARN__DUPLICATE_METHOD_MATCH = YES;
				COPY_PHASE_STRIP = NO;
				CURRENT_PROJECT_VERSION = 1;
				DEBUG_INFORMATION_FORMAT = "dwarf-with-dsym";
				ENABLE_NS_ASSERTIONS = NO;
				ENABLE_STRICT_OBJC_MSGSEND = YES;
				GCC_C_LANGUAGE_STANDARD = gnu11;
				GCC_NO_COMMON_BLOCKS = YES;
				GCC_WARN_64_TO_32_BIT_CONVERSION = YES;
				GCC_WARN_ABOUT_RETURN_TYPE = YES_ERROR;
				GCC_WARN_UNDECLARED_SELECTOR = YES;
				GCC_WARN_UNINITIALIZED_AUTOS = YES_AGGRESSIVE;
				GCC_WARN_UNUSED_FUNCTION = YES;
				GCC_WARN_UNUSED_VARIABLE = YES;
				MACOSX_DEPLOYMENT_TARGET = 11.1;
				MTL_ENABLE_DEBUG_INFO = NO;
				MTL_FAST_MATH = YES;
				SDKROOT = macosx;
				SWIFT_COMPILATION_MODE = wholemodule;
				SWIFT_OPTIMIZATION_LEVEL = "-O";
				VERSIONING_SYSTEM = "apple-generic";
				VERSION_INFO_PREFIX = "";
			};
			name = Release;
		};
		38AAD48A261B4549004D6AF6 /* Debug */ = {
			isa = XCBuildConfiguration;
			buildSettings = {
				CLANG_ENABLE_MODULES = YES;
				CODE_SIGN_STYLE = Automatic;
				COMBINE_HIDPI_IMAGES = YES;
				DEFINES_MODULE = YES;
				DEVELOPMENT_TEAM = 59983C7393;
				DYLIB_COMPATIBILITY_VERSION = 1;
				DYLIB_CURRENT_VERSION = 1;
				DYLIB_INSTALL_NAME_BASE = "@rpath";
				INFOPLIST_FILE = EssentialFeed/Info.plist;
				INSTALL_PATH = "$(LOCAL_LIBRARY_DIR)/Frameworks";
				LD_RUNPATH_SEARCH_PATHS = (
					"$(inherited)",
					"@executable_path/../Frameworks",
					"@loader_path/Frameworks",
				);
				PRODUCT_BUNDLE_IDENTIFIER = de.linkandreas.EssentialFeed;
				PRODUCT_NAME = "$(TARGET_NAME:c99extidentifier)";
				SKIP_INSTALL = YES;
				SWIFT_OPTIMIZATION_LEVEL = "-Onone";
				SWIFT_VERSION = 5.0;
			};
			name = Debug;
		};
		38AAD48B261B4549004D6AF6 /* Release */ = {
			isa = XCBuildConfiguration;
			buildSettings = {
				CLANG_ENABLE_MODULES = YES;
				CODE_SIGN_STYLE = Automatic;
				COMBINE_HIDPI_IMAGES = YES;
				DEFINES_MODULE = YES;
				DEVELOPMENT_TEAM = 59983C7393;
				DYLIB_COMPATIBILITY_VERSION = 1;
				DYLIB_CURRENT_VERSION = 1;
				DYLIB_INSTALL_NAME_BASE = "@rpath";
				INFOPLIST_FILE = EssentialFeed/Info.plist;
				INSTALL_PATH = "$(LOCAL_LIBRARY_DIR)/Frameworks";
				LD_RUNPATH_SEARCH_PATHS = (
					"$(inherited)",
					"@executable_path/../Frameworks",
					"@loader_path/Frameworks",
				);
				PRODUCT_BUNDLE_IDENTIFIER = de.linkandreas.EssentialFeed;
				PRODUCT_NAME = "$(TARGET_NAME:c99extidentifier)";
				SKIP_INSTALL = YES;
				SWIFT_VERSION = 5.0;
			};
			name = Release;
		};
		38AAD48D261B4549004D6AF6 /* Debug */ = {
			isa = XCBuildConfiguration;
			buildSettings = {
				ALWAYS_EMBED_SWIFT_STANDARD_LIBRARIES = YES;
				CODE_SIGN_STYLE = Automatic;
				COMBINE_HIDPI_IMAGES = YES;
				DEVELOPMENT_TEAM = 59983C7393;
				INFOPLIST_FILE = EssentialFeedTests/Info.plist;
				LD_RUNPATH_SEARCH_PATHS = (
					"$(inherited)",
					"@executable_path/../Frameworks",
					"@loader_path/../Frameworks",
				);
				PRODUCT_BUNDLE_IDENTIFIER = de.linkandreas.EssentialFeedTests;
				PRODUCT_NAME = "$(TARGET_NAME)";
				SWIFT_VERSION = 5.0;
			};
			name = Debug;
		};
		38AAD48E261B4549004D6AF6 /* Release */ = {
			isa = XCBuildConfiguration;
			buildSettings = {
				ALWAYS_EMBED_SWIFT_STANDARD_LIBRARIES = YES;
				CODE_SIGN_STYLE = Automatic;
				COMBINE_HIDPI_IMAGES = YES;
				DEVELOPMENT_TEAM = 59983C7393;
				INFOPLIST_FILE = EssentialFeedTests/Info.plist;
				LD_RUNPATH_SEARCH_PATHS = (
					"$(inherited)",
					"@executable_path/../Frameworks",
					"@loader_path/../Frameworks",
				);
				PRODUCT_BUNDLE_IDENTIFIER = de.linkandreas.EssentialFeedTests;
				PRODUCT_NAME = "$(TARGET_NAME)";
				SWIFT_VERSION = 5.0;
			};
			name = Release;
		};
		38EF492226553D5200EE6AF8 /* Debug */ = {
			isa = XCBuildConfiguration;
			buildSettings = {
				CODE_SIGN_STYLE = Automatic;
				COMBINE_HIDPI_IMAGES = YES;
				DEVELOPMENT_TEAM = 59983C7393;
				INFOPLIST_FILE = EssentialFeedAPIEndToEndTests/Info.plist;
				LD_RUNPATH_SEARCH_PATHS = (
					"$(inherited)",
					"@executable_path/../Frameworks",
					"@loader_path/../Frameworks",
				);
				MACOSX_DEPLOYMENT_TARGET = 11.3;
				PRODUCT_BUNDLE_IDENTIFIER = de.linkandreas.EssentialFeedAPIEndToEndTests;
				PRODUCT_NAME = "$(TARGET_NAME)";
				SWIFT_VERSION = 5.0;
			};
			name = Debug;
		};
		38EF492326553D5200EE6AF8 /* Release */ = {
			isa = XCBuildConfiguration;
			buildSettings = {
				CODE_SIGN_STYLE = Automatic;
				COMBINE_HIDPI_IMAGES = YES;
				DEVELOPMENT_TEAM = 59983C7393;
				INFOPLIST_FILE = EssentialFeedAPIEndToEndTests/Info.plist;
				LD_RUNPATH_SEARCH_PATHS = (
					"$(inherited)",
					"@executable_path/../Frameworks",
					"@loader_path/../Frameworks",
				);
				MACOSX_DEPLOYMENT_TARGET = 11.3;
				PRODUCT_BUNDLE_IDENTIFIER = de.linkandreas.EssentialFeedAPIEndToEndTests;
				PRODUCT_NAME = "$(TARGET_NAME)";
				SWIFT_VERSION = 5.0;
			};
			name = Release;
		};
/* End XCBuildConfiguration section */

/* Begin XCConfigurationList section */
		38AAD46F261B4549004D6AF6 /* Build configuration list for PBXProject "EssentialFeed" */ = {
			isa = XCConfigurationList;
			buildConfigurations = (
				38AAD487261B4549004D6AF6 /* Debug */,
				38AAD488261B4549004D6AF6 /* Release */,
			);
			defaultConfigurationIsVisible = 0;
			defaultConfigurationName = Release;
		};
		38AAD489261B4549004D6AF6 /* Build configuration list for PBXNativeTarget "EssentialFeed" */ = {
			isa = XCConfigurationList;
			buildConfigurations = (
				38AAD48A261B4549004D6AF6 /* Debug */,
				38AAD48B261B4549004D6AF6 /* Release */,
			);
			defaultConfigurationIsVisible = 0;
			defaultConfigurationName = Release;
		};
		38AAD48C261B4549004D6AF6 /* Build configuration list for PBXNativeTarget "EssentialFeedTests" */ = {
			isa = XCConfigurationList;
			buildConfigurations = (
				38AAD48D261B4549004D6AF6 /* Debug */,
				38AAD48E261B4549004D6AF6 /* Release */,
			);
			defaultConfigurationIsVisible = 0;
			defaultConfigurationName = Release;
		};
		38EF492126553D5200EE6AF8 /* Build configuration list for PBXNativeTarget "EssentialFeedAPIEndToEndTests" */ = {
			isa = XCConfigurationList;
			buildConfigurations = (
				38EF492226553D5200EE6AF8 /* Debug */,
				38EF492326553D5200EE6AF8 /* Release */,
			);
			defaultConfigurationIsVisible = 0;
			defaultConfigurationName = Release;
		};
/* End XCConfigurationList section */
	};
	rootObject = 38AAD46C261B4549004D6AF6 /* Project object */;
}
