// !$*UTF8*$!
{
	archiveVersion = 1;
	classes = {
	};
	objectVersion = 52;
	objects = {

/* Begin PBXBuildFile section */
		380E073A26974E5600298C21 /* EssentialFeedCacheIntegrationTests.swift in Sources */ = {isa = PBXBuildFile; fileRef = 380E073926974E5600298C21 /* EssentialFeedCacheIntegrationTests.swift */; };
		380E073C26974E5600298C21 /* EssentialFeed.framework in Frameworks */ = {isa = PBXBuildFile; fileRef = 38AAD475261B4549004D6AF6 /* EssentialFeed.framework */; };
		38122FB6271B0D38006FC8FD /* FeedImagePresenterTests.swift in Sources */ = {isa = PBXBuildFile; fileRef = 38122FB5271B0D38006FC8FD /* FeedImagePresenterTests.swift */; };
		38122FB7271B2054006FC8FD /* FeedImagePresenter.swift in Sources */ = {isa = PBXBuildFile; fileRef = 38A1BA4926D57564001E38D8 /* FeedImagePresenter.swift */; };
		38122FB8271B2054006FC8FD /* FeedImageViewModel.swift in Sources */ = {isa = PBXBuildFile; fileRef = 385EB0C226B06AF20068EAD7 /* FeedImageViewModel.swift */; };
		3814F5FB2674E9BE0065F6FF /* FeedStoreSpecs.swift in Sources */ = {isa = PBXBuildFile; fileRef = 3814F5FA2674E9BE0065F6FF /* FeedStoreSpecs.swift */; };
		3814F5FD2674EF3F0065F6FF /* XCTestCase+FeedStoreSpecs.swift in Sources */ = {isa = PBXBuildFile; fileRef = 3814F5FC2674EF3F0065F6FF /* XCTestCase+FeedStoreSpecs.swift */; };
		381F56A02694A4CF0094A7CF /* CoreDataFeedStoreTests.swift in Sources */ = {isa = PBXBuildFile; fileRef = 381F569F2694A4CF0094A7CF /* CoreDataFeedStoreTests.swift */; };
		381F56AD2694B6B20094A7CF /* CoreDataFeedStore.swift in Sources */ = {isa = PBXBuildFile; fileRef = 381F56AC2694B6B20094A7CF /* CoreDataFeedStore.swift */; };
		381F56B02694B6E00094A7CF /* NSPersistentContainer+loadModuleName.swift in Sources */ = {isa = PBXBuildFile; fileRef = 381F56AF2694B6E00094A7CF /* NSPersistentContainer+loadModuleName.swift */; };
		381F56B22694B70B0094A7CF /* NSManagedObjectModel+initWithName.swift in Sources */ = {isa = PBXBuildFile; fileRef = 381F56B12694B70B0094A7CF /* NSManagedObjectModel+initWithName.swift */; };
		38394FA227538DC300D6B69C /* CoreDataFeedStore+FeedStore.swift in Sources */ = {isa = PBXBuildFile; fileRef = 38394FA127538DC300D6B69C /* CoreDataFeedStore+FeedStore.swift */; };
		383A596926A7360600870FF7 /* FeedImageCell.swift in Sources */ = {isa = PBXBuildFile; fileRef = 383A596826A7360600870FF7 /* FeedImageCell.swift */; };
		383A596A26A7406600870FF7 /* SharedTestHelpers.swift in Sources */ = {isa = PBXBuildFile; fileRef = 3853B6992666AFE300D14854 /* SharedTestHelpers.swift */; };
		383A596B26A7406800870FF7 /* SharedTestHelpers.swift in Sources */ = {isa = PBXBuildFile; fileRef = 3853B6992666AFE300D14854 /* SharedTestHelpers.swift */; };
		383A597026A7542600870FF7 /* UIView+Shimmering.swift in Sources */ = {isa = PBXBuildFile; fileRef = 383A596F26A7542600870FF7 /* UIView+Shimmering.swift */; };
		383CF6E826655FBF001F4272 /* FeedStoreSpy.swift in Sources */ = {isa = PBXBuildFile; fileRef = 383CF6E726655FBF001F4272 /* FeedStoreSpy.swift */; };
		3853B6962666A4A100D14854 /* ValidateFeedCacheUseCase.swift in Sources */ = {isa = PBXBuildFile; fileRef = 3853B6952666A4A100D14854 /* ValidateFeedCacheUseCase.swift */; };
		3853B6982666AF0B00D14854 /* FeedCacheTestHelpers.swift in Sources */ = {isa = PBXBuildFile; fileRef = 3853B6972666AF0B00D14854 /* FeedCacheTestHelpers.swift */; };
		3853B69A2666AFE300D14854 /* SharedTestHelpers.swift in Sources */ = {isa = PBXBuildFile; fileRef = 3853B6992666AFE300D14854 /* SharedTestHelpers.swift */; };
		3855936C273AF15900DD854F /* FeedImageDataStore.swift in Sources */ = {isa = PBXBuildFile; fileRef = 3855936B273AF15900DD854F /* FeedImageDataStore.swift */; };
		3855936F273AF20B00DD854F /* LocalFeedImageDataLoader.swift in Sources */ = {isa = PBXBuildFile; fileRef = 3855936D273AF1F200DD854F /* LocalFeedImageDataLoader.swift */; };
		38559372273DA47200DD854F /* FeedImageDataStoreSpy.swift in Sources */ = {isa = PBXBuildFile; fileRef = 38559370273DA35B00DD854F /* FeedImageDataStoreSpy.swift */; };
		3857612126D4157F008B1297 /* Feed.storyboard in Resources */ = {isa = PBXBuildFile; fileRef = 3857612026D4157F008B1297 /* Feed.storyboard */; };
		3857612326D4160A008B1297 /* FeedAssets.xcassets in Resources */ = {isa = PBXBuildFile; fileRef = 3857612226D4160A008B1297 /* FeedAssets.xcassets */; };
		385EB0BB26AF09C00068EAD7 /* FeedImageCellController.swift in Sources */ = {isa = PBXBuildFile; fileRef = 385EB0BA26AF09C00068EAD7 /* FeedImageCellController.swift */; };
		385F861927521FC100B8349E /* CoreDataFeedImageDataStoreTests.swift in Sources */ = {isa = PBXBuildFile; fileRef = 385F861827521FC100B8349E /* CoreDataFeedImageDataStoreTests.swift */; };
		385F861C27522A9F00B8349E /* CoreDataFeedStore+FeedImageDataLoader.swift in Sources */ = {isa = PBXBuildFile; fileRef = 385F861B27522A9F00B8349E /* CoreDataFeedStore+FeedImageDataLoader.swift */; };
		385F861F27522FF100B8349E /* ManagedFeedImage.swift in Sources */ = {isa = PBXBuildFile; fileRef = 385F861E27522FF100B8349E /* ManagedFeedImage.swift */; };
		385F86212752300F00B8349E /* ManagedCache.swift in Sources */ = {isa = PBXBuildFile; fileRef = 385F86202752300F00B8349E /* ManagedCache.swift */; };
		3860172726499D250066F663 /* XCTTestCase+MemoryLeakTracking.swift in Sources */ = {isa = PBXBuildFile; fileRef = 3860172626499D250066F663 /* XCTTestCase+MemoryLeakTracking.swift */; };
		38625F0A279D90BA00B995F4 /* ImageCommentsMapperTests.swift in Sources */ = {isa = PBXBuildFile; fileRef = 38625F09279D90BA00B995F4 /* ImageCommentsMapperTests.swift */; };
		38625F0E279D937400B995F4 /* ImageCommentsMapper.swift in Sources */ = {isa = PBXBuildFile; fileRef = 38625F0D279D937400B995F4 /* ImageCommentsMapper.swift */; };
		38625F10279D9CC200B995F4 /* ImageComment.swift in Sources */ = {isa = PBXBuildFile; fileRef = 38625F0F279D9CC200B995F4 /* ImageComment.swift */; };
		386712ED26FA5F1700C96AAC /* FeedPresenter.swift in Sources */ = {isa = PBXBuildFile; fileRef = 386712EC26FA5F1700C96AAC /* FeedPresenter.swift */; };
		386712EE26FA5FE600C96AAC /* Feed.strings in Resources */ = {isa = PBXBuildFile; fileRef = 386712E926FA5BF700C96AAC /* Feed.strings */; };
		386712F026FA603B00C96AAC /* FeedViewModel.swift in Sources */ = {isa = PBXBuildFile; fileRef = 386712EF26FA603B00C96AAC /* FeedViewModel.swift */; };
		386712F226FA605900C96AAC /* FeedLoadingViewModel.swift in Sources */ = {isa = PBXBuildFile; fileRef = 386712F126FA605900C96AAC /* FeedLoadingViewModel.swift */; };
		386712F426FA607200C96AAC /* FeedErrorViewModel.swift in Sources */ = {isa = PBXBuildFile; fileRef = 386712F326FA607200C96AAC /* FeedErrorViewModel.swift */; };
		386712F626FA63D200C96AAC /* ErrorView.swift in Sources */ = {isa = PBXBuildFile; fileRef = 386712F526FA63D200C96AAC /* ErrorView.swift */; };
		386712F926FA643400C96AAC /* UIRefreshControl+Helpers.swift in Sources */ = {isa = PBXBuildFile; fileRef = 386712F826FA643400C96AAC /* UIRefreshControl+Helpers.swift */; };
		3870B1A3271C2041004B0B82 /* LoadFeedImageDataFromCacheUseCaseTests.swift in Sources */ = {isa = PBXBuildFile; fileRef = 3870B1A2271C2041004B0B82 /* LoadFeedImageDataFromCacheUseCaseTests.swift */; };
		3872D6EF275CB45500774E3B /* FeedSnapshotTests.swift in Sources */ = {isa = PBXBuildFile; fileRef = 3872D6EE275CB45500774E3B /* FeedSnapshotTests.swift */; };
		38869F402646AB540034435D /* FeedItemsMapper.swift in Sources */ = {isa = PBXBuildFile; fileRef = 38869F3F2646AB540034435D /* FeedItemsMapper.swift */; };
		38869F452647C9F80034435D /* HTTPClient.swift in Sources */ = {isa = PBXBuildFile; fileRef = 38869F442647C9F80034435D /* HTTPClient.swift */; };
		38869F472647CB6D0034435D /* URLSessionHTTPClientTests.swift in Sources */ = {isa = PBXBuildFile; fileRef = 38869F462647CB6D0034435D /* URLSessionHTTPClientTests.swift */; };
		38870180271B400D0054F760 /* LoadFeedImageDataFromRemoteUseCaseTests.swift in Sources */ = {isa = PBXBuildFile; fileRef = 3887017F271B400D0054F760 /* LoadFeedImageDataFromRemoteUseCaseTests.swift */; };
		38870183271B415D0054F760 /* HttpClientSpy.swift in Sources */ = {isa = PBXBuildFile; fileRef = 38870182271B415D0054F760 /* HttpClientSpy.swift */; };
		38870185271BFDED0054F760 /* RemoteFeedImageDataLoader.swift in Sources */ = {isa = PBXBuildFile; fileRef = 38870184271BFDED0054F760 /* RemoteFeedImageDataLoader.swift */; };
		3888771226FA48560038C727 /* FeedPresenterTests.swift in Sources */ = {isa = PBXBuildFile; fileRef = 3888771126FA48560038C727 /* FeedPresenterTests.swift */; };
		3889AD0A271C065A002D8AC6 /* HTTPURLResponse+StatusCode.swift in Sources */ = {isa = PBXBuildFile; fileRef = 3889AD08271C05FF002D8AC6 /* HTTPURLResponse+StatusCode.swift */; };
		3889AD0D271C0703002D8AC6 /* URLProtocolStub.swift in Sources */ = {isa = PBXBuildFile; fileRef = 3889AD0C271C0703002D8AC6 /* URLProtocolStub.swift */; };
		388A6A2B271B3F0F00A6350E /* FeedImageDataLoader.swift in Sources */ = {isa = PBXBuildFile; fileRef = 383A596C26A74FE500870FF7 /* FeedImageDataLoader.swift */; };
		388AF431274C0C9D0047087E /* CacheFeedImageDataUseCaseTests.swift in Sources */ = {isa = PBXBuildFile; fileRef = 388AF430274C0C9D0047087E /* CacheFeedImageDataUseCaseTests.swift */; };
		388C1DD2266D417C00D9CADD /* FeedCachePolicy.swift in Sources */ = {isa = PBXBuildFile; fileRef = 388C1DD1266D417C00D9CADD /* FeedCachePolicy.swift */; };
		388DDB582697531E000DAACD /* XCTTestCase+MemoryLeakTracking.swift in Sources */ = {isa = PBXBuildFile; fileRef = 3860172626499D250066F663 /* XCTTestCase+MemoryLeakTracking.swift */; };
		388DDB5A269755D5000DAACD /* SharedTestHelpers.swift in Sources */ = {isa = PBXBuildFile; fileRef = 3853B6992666AFE300D14854 /* SharedTestHelpers.swift */; };
		388DDB5B2697598E000DAACD /* FeedCacheTestHelpers.swift in Sources */ = {isa = PBXBuildFile; fileRef = 3853B6972666AF0B00D14854 /* FeedCacheTestHelpers.swift */; };
		38919C3826655D07000B8F5C /* LoadFeedFromCacheUseCase.swift in Sources */ = {isa = PBXBuildFile; fileRef = 38919C3726655D07000B8F5C /* LoadFeedFromCacheUseCase.swift */; };
		389D90C426A46B1400216D63 /* EssentialFeediOS.framework in Frameworks */ = {isa = PBXBuildFile; fileRef = 389D90BB26A46B1400216D63 /* EssentialFeediOS.framework */; };
		389D90D526A4993400216D63 /* EssentialFeed.framework in Frameworks */ = {isa = PBXBuildFile; fileRef = 38AAD475261B4549004D6AF6 /* EssentialFeed.framework */; platformFilter = ios; };
		389D90DA26A49A1000216D63 /* XCTTestCase+MemoryLeakTracking.swift in Sources */ = {isa = PBXBuildFile; fileRef = 3860172626499D250066F663 /* XCTTestCase+MemoryLeakTracking.swift */; };
		389D90DC26A4A7AB00216D63 /* FeedViewController.swift in Sources */ = {isa = PBXBuildFile; fileRef = 389D90DB26A4A7AB00216D63 /* FeedViewController.swift */; };
		389F26BB266013BE00B11E5C /* FeedStore.swift in Sources */ = {isa = PBXBuildFile; fileRef = 389F26BA266013BE00B11E5C /* FeedStore.swift */; };
		389F26BD2660143D00B11E5C /* LocalFeedLoader.swift in Sources */ = {isa = PBXBuildFile; fileRef = 389F26BC2660143D00B11E5C /* LocalFeedLoader.swift */; };
		389F26BF2663BDE900B11E5C /* LocalFeedImage.swift in Sources */ = {isa = PBXBuildFile; fileRef = 389F26BE2663BDE900B11E5C /* LocalFeedImage.swift */; };
		389F8B412694D5BF003EF461 /* FeedStore.xcdatamodeld in Sources */ = {isa = PBXBuildFile; fileRef = 389F8B3F2694D5BF003EF461 /* FeedStore.xcdatamodeld */; };
		38A1BA4C26D588AF001E38D8 /* UITableView+Dequeuing.swift in Sources */ = {isa = PBXBuildFile; fileRef = 38A1BA4B26D588AF001E38D8 /* UITableView+Dequeuing.swift */; };
		38A1BA4E26D58A2E001E38D8 /* UIImageView+Animations.swift in Sources */ = {isa = PBXBuildFile; fileRef = 38A1BA4D26D58A2E001E38D8 /* UIImageView+Animations.swift */; };
		38A9264D26A2BF5D00F472FB /* CachedFeed.swift in Sources */ = {isa = PBXBuildFile; fileRef = 38A9264C26A2BF5D00F472FB /* CachedFeed.swift */; };
		38AAD47F261B4549004D6AF6 /* EssentialFeed.framework in Frameworks */ = {isa = PBXBuildFile; fileRef = 38AAD475261B4549004D6AF6 /* EssentialFeed.framework */; };
		38AAD484261B4549004D6AF6 /* FeedItemsMapperTests.swift in Sources */ = {isa = PBXBuildFile; fileRef = 38AAD483261B4549004D6AF6 /* FeedItemsMapperTests.swift */; };
		38AAD486261B4549004D6AF6 /* EssentialFeed.h in Headers */ = {isa = PBXBuildFile; fileRef = 38AAD478261B4549004D6AF6 /* EssentialFeed.h */; settings = {ATTRIBUTES = (Public, ); }; };
		38AAD492261B4B12004D6AF6 /* FeedImage.swift in Sources */ = {isa = PBXBuildFile; fileRef = 38AAD491261B4B12004D6AF6 /* FeedImage.swift */; };
		38B12359265D57C800D8F93C /* CacheFeedUseCase.swift in Sources */ = {isa = PBXBuildFile; fileRef = 38B12358265D57C800D8F93C /* CacheFeedUseCase.swift */; };
		38D1BD5A275781D30040CA23 /* FeedImageDataCache.swift in Sources */ = {isa = PBXBuildFile; fileRef = 38D1BD59275781D30040CA23 /* FeedImageDataCache.swift */; };
		38DA49BF26FA6C07001397BF /* FeedLocalizationTests.swift in Sources */ = {isa = PBXBuildFile; fileRef = 38D9BBB926E4A8EB00F81317 /* FeedLocalizationTests.swift */; };
		38E43072275CC035008ADB27 /* UIImage+TestHelpers.swift in Sources */ = {isa = PBXBuildFile; fileRef = 38E43071275CC035008ADB27 /* UIImage+TestHelpers.swift */; };
		38E43075275D0ED0008ADB27 /* UITableView+HeaderSizing.swift in Sources */ = {isa = PBXBuildFile; fileRef = 38E43074275D0ED0008ADB27 /* UITableView+HeaderSizing.swift */; };
		38ED97692758F4F4006E0C96 /* FeedCache.swift in Sources */ = {isa = PBXBuildFile; fileRef = 38ED97682758F4F4006E0C96 /* FeedCache.swift */; };
		38EF491C26553D5200EE6AF8 /* EssentialFeedAPIEndToEndTests.swift in Sources */ = {isa = PBXBuildFile; fileRef = 38EF491B26553D5200EE6AF8 /* EssentialFeedAPIEndToEndTests.swift */; };
		38EF491E26553D5200EE6AF8 /* EssentialFeed.framework in Frameworks */ = {isa = PBXBuildFile; fileRef = 38AAD475261B4549004D6AF6 /* EssentialFeed.framework */; };
		38EF49242655492100EE6AF8 /* XCTTestCase+MemoryLeakTracking.swift in Sources */ = {isa = PBXBuildFile; fileRef = 3860172626499D250066F663 /* XCTTestCase+MemoryLeakTracking.swift */; };
		38F8DEC42652C3360090CD73 /* URLSessionHTTPClient.swift in Sources */ = {isa = PBXBuildFile; fileRef = 38F8DEC12652C2F20090CD73 /* URLSessionHTTPClient.swift */; };
/* End PBXBuildFile section */

/* Begin PBXContainerItemProxy section */
		380E073D26974E5600298C21 /* PBXContainerItemProxy */ = {
			isa = PBXContainerItemProxy;
			containerPortal = 38AAD46C261B4549004D6AF6 /* Project object */;
			proxyType = 1;
			remoteGlobalIDString = 38AAD474261B4549004D6AF6;
			remoteInfo = EssentialFeed;
		};
		389D90C526A46B1400216D63 /* PBXContainerItemProxy */ = {
			isa = PBXContainerItemProxy;
			containerPortal = 38AAD46C261B4549004D6AF6 /* Project object */;
			proxyType = 1;
			remoteGlobalIDString = 389D90BA26A46B1400216D63;
			remoteInfo = EssentialFeediOS;
		};
		389D90D726A4993400216D63 /* PBXContainerItemProxy */ = {
			isa = PBXContainerItemProxy;
			containerPortal = 38AAD46C261B4549004D6AF6 /* Project object */;
			proxyType = 1;
			remoteGlobalIDString = 38AAD474261B4549004D6AF6;
			remoteInfo = EssentialFeed;
		};
		38AAD480261B4549004D6AF6 /* PBXContainerItemProxy */ = {
			isa = PBXContainerItemProxy;
			containerPortal = 38AAD46C261B4549004D6AF6 /* Project object */;
			proxyType = 1;
			remoteGlobalIDString = 38AAD474261B4549004D6AF6;
			remoteInfo = EssentialFeed;
		};
		38EF491F26553D5200EE6AF8 /* PBXContainerItemProxy */ = {
			isa = PBXContainerItemProxy;
			containerPortal = 38AAD46C261B4549004D6AF6 /* Project object */;
			proxyType = 1;
			remoteGlobalIDString = 38AAD474261B4549004D6AF6;
			remoteInfo = EssentialFeed;
		};
/* End PBXContainerItemProxy section */

/* Begin PBXFileReference section */
		380E073726974E5600298C21 /* EssentialFeedCacheIntegrationTests.xctest */ = {isa = PBXFileReference; explicitFileType = wrapper.cfbundle; includeInIndex = 0; path = EssentialFeedCacheIntegrationTests.xctest; sourceTree = BUILT_PRODUCTS_DIR; };
		380E073926974E5600298C21 /* EssentialFeedCacheIntegrationTests.swift */ = {isa = PBXFileReference; lastKnownFileType = sourcecode.swift; path = EssentialFeedCacheIntegrationTests.swift; sourceTree = "<group>"; };
		380E073B26974E5600298C21 /* Info.plist */ = {isa = PBXFileReference; lastKnownFileType = text.plist.xml; path = Info.plist; sourceTree = "<group>"; };
		38122FB5271B0D38006FC8FD /* FeedImagePresenterTests.swift */ = {isa = PBXFileReference; lastKnownFileType = sourcecode.swift; path = FeedImagePresenterTests.swift; sourceTree = "<group>"; };
		3814F5FA2674E9BE0065F6FF /* FeedStoreSpecs.swift */ = {isa = PBXFileReference; lastKnownFileType = sourcecode.swift; path = FeedStoreSpecs.swift; sourceTree = "<group>"; };
		3814F5FC2674EF3F0065F6FF /* XCTestCase+FeedStoreSpecs.swift */ = {isa = PBXFileReference; lastKnownFileType = sourcecode.swift; path = "XCTestCase+FeedStoreSpecs.swift"; sourceTree = "<group>"; };
		381F569F2694A4CF0094A7CF /* CoreDataFeedStoreTests.swift */ = {isa = PBXFileReference; lastKnownFileType = sourcecode.swift; path = CoreDataFeedStoreTests.swift; sourceTree = "<group>"; };
		381F56AC2694B6B20094A7CF /* CoreDataFeedStore.swift */ = {isa = PBXFileReference; lastKnownFileType = sourcecode.swift; path = CoreDataFeedStore.swift; sourceTree = "<group>"; };
		381F56AF2694B6E00094A7CF /* NSPersistentContainer+loadModuleName.swift */ = {isa = PBXFileReference; lastKnownFileType = sourcecode.swift; path = "NSPersistentContainer+loadModuleName.swift"; sourceTree = "<group>"; };
		381F56B12694B70B0094A7CF /* NSManagedObjectModel+initWithName.swift */ = {isa = PBXFileReference; lastKnownFileType = sourcecode.swift; path = "NSManagedObjectModel+initWithName.swift"; sourceTree = "<group>"; };
		38394FA127538DC300D6B69C /* CoreDataFeedStore+FeedStore.swift */ = {isa = PBXFileReference; lastKnownFileType = sourcecode.swift; path = "CoreDataFeedStore+FeedStore.swift"; sourceTree = "<group>"; };
		383A596826A7360600870FF7 /* FeedImageCell.swift */ = {isa = PBXFileReference; lastKnownFileType = sourcecode.swift; path = FeedImageCell.swift; sourceTree = "<group>"; };
		383A596C26A74FE500870FF7 /* FeedImageDataLoader.swift */ = {isa = PBXFileReference; lastKnownFileType = sourcecode.swift; path = FeedImageDataLoader.swift; sourceTree = "<group>"; };
		383A596F26A7542600870FF7 /* UIView+Shimmering.swift */ = {isa = PBXFileReference; lastKnownFileType = sourcecode.swift; path = "UIView+Shimmering.swift"; sourceTree = "<group>"; };
		383CF6E726655FBF001F4272 /* FeedStoreSpy.swift */ = {isa = PBXFileReference; lastKnownFileType = sourcecode.swift; path = FeedStoreSpy.swift; sourceTree = "<group>"; };
		3853B6952666A4A100D14854 /* ValidateFeedCacheUseCase.swift */ = {isa = PBXFileReference; lastKnownFileType = sourcecode.swift; path = ValidateFeedCacheUseCase.swift; sourceTree = "<group>"; };
		3853B6972666AF0B00D14854 /* FeedCacheTestHelpers.swift */ = {isa = PBXFileReference; lastKnownFileType = sourcecode.swift; path = FeedCacheTestHelpers.swift; sourceTree = "<group>"; };
		3853B6992666AFE300D14854 /* SharedTestHelpers.swift */ = {isa = PBXFileReference; lastKnownFileType = sourcecode.swift; path = SharedTestHelpers.swift; sourceTree = "<group>"; };
		3855936B273AF15900DD854F /* FeedImageDataStore.swift */ = {isa = PBXFileReference; lastKnownFileType = sourcecode.swift; path = FeedImageDataStore.swift; sourceTree = "<group>"; };
		3855936D273AF1F200DD854F /* LocalFeedImageDataLoader.swift */ = {isa = PBXFileReference; lastKnownFileType = sourcecode.swift; path = LocalFeedImageDataLoader.swift; sourceTree = "<group>"; };
		38559370273DA35B00DD854F /* FeedImageDataStoreSpy.swift */ = {isa = PBXFileReference; lastKnownFileType = sourcecode.swift; path = FeedImageDataStoreSpy.swift; sourceTree = "<group>"; };
		3857612026D4157F008B1297 /* Feed.storyboard */ = {isa = PBXFileReference; lastKnownFileType = file.storyboard; path = Feed.storyboard; sourceTree = "<group>"; };
		3857612226D4160A008B1297 /* FeedAssets.xcassets */ = {isa = PBXFileReference; lastKnownFileType = folder.assetcatalog; path = FeedAssets.xcassets; sourceTree = "<group>"; };
		385EB0BA26AF09C00068EAD7 /* FeedImageCellController.swift */ = {isa = PBXFileReference; lastKnownFileType = sourcecode.swift; path = FeedImageCellController.swift; sourceTree = "<group>"; };
		385EB0C226B06AF20068EAD7 /* FeedImageViewModel.swift */ = {isa = PBXFileReference; lastKnownFileType = sourcecode.swift; path = FeedImageViewModel.swift; sourceTree = "<group>"; };
		385F861827521FC100B8349E /* CoreDataFeedImageDataStoreTests.swift */ = {isa = PBXFileReference; lastKnownFileType = sourcecode.swift; path = CoreDataFeedImageDataStoreTests.swift; sourceTree = "<group>"; };
		385F861A2752295300B8349E /* FeedStore2.xcdatamodel */ = {isa = PBXFileReference; lastKnownFileType = wrapper.xcdatamodel; path = FeedStore2.xcdatamodel; sourceTree = "<group>"; };
		385F861B27522A9F00B8349E /* CoreDataFeedStore+FeedImageDataLoader.swift */ = {isa = PBXFileReference; lastKnownFileType = sourcecode.swift; path = "CoreDataFeedStore+FeedImageDataLoader.swift"; sourceTree = "<group>"; };
		385F861E27522FF100B8349E /* ManagedFeedImage.swift */ = {isa = PBXFileReference; lastKnownFileType = sourcecode.swift; path = ManagedFeedImage.swift; sourceTree = "<group>"; };
		385F86202752300F00B8349E /* ManagedCache.swift */ = {isa = PBXFileReference; lastKnownFileType = sourcecode.swift; path = ManagedCache.swift; sourceTree = "<group>"; };
		3860172626499D250066F663 /* XCTTestCase+MemoryLeakTracking.swift */ = {isa = PBXFileReference; lastKnownFileType = sourcecode.swift; path = "XCTTestCase+MemoryLeakTracking.swift"; sourceTree = "<group>"; };
		38625F09279D90BA00B995F4 /* ImageCommentsMapperTests.swift */ = {isa = PBXFileReference; lastKnownFileType = sourcecode.swift; path = ImageCommentsMapperTests.swift; sourceTree = "<group>"; };
		38625F0D279D937400B995F4 /* ImageCommentsMapper.swift */ = {isa = PBXFileReference; lastKnownFileType = sourcecode.swift; path = ImageCommentsMapper.swift; sourceTree = "<group>"; };
		38625F0F279D9CC200B995F4 /* ImageComment.swift */ = {isa = PBXFileReference; lastKnownFileType = sourcecode.swift; path = ImageComment.swift; sourceTree = "<group>"; };
		386712E826FA5BF700C96AAC /* en */ = {isa = PBXFileReference; lastKnownFileType = text.plist.strings; name = en; path = en.lproj/Feed.strings; sourceTree = "<group>"; };
		386712EA26FA5BFC00C96AAC /* de */ = {isa = PBXFileReference; lastKnownFileType = text.plist.strings; name = de; path = de.lproj/Feed.strings; sourceTree = "<group>"; };
		386712EC26FA5F1700C96AAC /* FeedPresenter.swift */ = {isa = PBXFileReference; lastKnownFileType = sourcecode.swift; path = FeedPresenter.swift; sourceTree = "<group>"; };
		386712EF26FA603B00C96AAC /* FeedViewModel.swift */ = {isa = PBXFileReference; lastKnownFileType = sourcecode.swift; path = FeedViewModel.swift; sourceTree = "<group>"; };
		386712F126FA605900C96AAC /* FeedLoadingViewModel.swift */ = {isa = PBXFileReference; lastKnownFileType = sourcecode.swift; path = FeedLoadingViewModel.swift; sourceTree = "<group>"; };
		386712F326FA607200C96AAC /* FeedErrorViewModel.swift */ = {isa = PBXFileReference; lastKnownFileType = sourcecode.swift; path = FeedErrorViewModel.swift; sourceTree = "<group>"; };
		386712F526FA63D200C96AAC /* ErrorView.swift */ = {isa = PBXFileReference; lastKnownFileType = sourcecode.swift; path = ErrorView.swift; sourceTree = "<group>"; };
		386712F826FA643400C96AAC /* UIRefreshControl+Helpers.swift */ = {isa = PBXFileReference; lastKnownFileType = sourcecode.swift; path = "UIRefreshControl+Helpers.swift"; sourceTree = "<group>"; };
		3870B1A2271C2041004B0B82 /* LoadFeedImageDataFromCacheUseCaseTests.swift */ = {isa = PBXFileReference; lastKnownFileType = sourcecode.swift; path = LoadFeedImageDataFromCacheUseCaseTests.swift; sourceTree = "<group>"; };
		3872D6EE275CB45500774E3B /* FeedSnapshotTests.swift */ = {isa = PBXFileReference; lastKnownFileType = sourcecode.swift; path = FeedSnapshotTests.swift; sourceTree = "<group>"; };
		38869F3F2646AB540034435D /* FeedItemsMapper.swift */ = {isa = PBXFileReference; lastKnownFileType = sourcecode.swift; path = FeedItemsMapper.swift; sourceTree = "<group>"; };
		38869F442647C9F80034435D /* HTTPClient.swift */ = {isa = PBXFileReference; lastKnownFileType = sourcecode.swift; path = HTTPClient.swift; sourceTree = "<group>"; };
		38869F462647CB6D0034435D /* URLSessionHTTPClientTests.swift */ = {isa = PBXFileReference; lastKnownFileType = sourcecode.swift; path = URLSessionHTTPClientTests.swift; sourceTree = "<group>"; };
		3887017F271B400D0054F760 /* LoadFeedImageDataFromRemoteUseCaseTests.swift */ = {isa = PBXFileReference; lastKnownFileType = sourcecode.swift; path = LoadFeedImageDataFromRemoteUseCaseTests.swift; sourceTree = "<group>"; };
		38870182271B415D0054F760 /* HttpClientSpy.swift */ = {isa = PBXFileReference; lastKnownFileType = sourcecode.swift; path = HttpClientSpy.swift; sourceTree = "<group>"; };
		38870184271BFDED0054F760 /* RemoteFeedImageDataLoader.swift */ = {isa = PBXFileReference; lastKnownFileType = sourcecode.swift; path = RemoteFeedImageDataLoader.swift; sourceTree = "<group>"; };
		3888771126FA48560038C727 /* FeedPresenterTests.swift */ = {isa = PBXFileReference; lastKnownFileType = sourcecode.swift; path = FeedPresenterTests.swift; sourceTree = "<group>"; };
		3889AD08271C05FF002D8AC6 /* HTTPURLResponse+StatusCode.swift */ = {isa = PBXFileReference; lastKnownFileType = sourcecode.swift; path = "HTTPURLResponse+StatusCode.swift"; sourceTree = "<group>"; };
		3889AD0C271C0703002D8AC6 /* URLProtocolStub.swift */ = {isa = PBXFileReference; lastKnownFileType = sourcecode.swift; path = URLProtocolStub.swift; sourceTree = "<group>"; };
		388AF430274C0C9D0047087E /* CacheFeedImageDataUseCaseTests.swift */ = {isa = PBXFileReference; lastKnownFileType = sourcecode.swift; path = CacheFeedImageDataUseCaseTests.swift; sourceTree = "<group>"; };
		388C1DD1266D417C00D9CADD /* FeedCachePolicy.swift */ = {isa = PBXFileReference; lastKnownFileType = sourcecode.swift; path = FeedCachePolicy.swift; sourceTree = "<group>"; };
		38919C3726655D07000B8F5C /* LoadFeedFromCacheUseCase.swift */ = {isa = PBXFileReference; lastKnownFileType = sourcecode.swift; path = LoadFeedFromCacheUseCase.swift; sourceTree = "<group>"; };
		389D90BB26A46B1400216D63 /* EssentialFeediOS.framework */ = {isa = PBXFileReference; explicitFileType = wrapper.framework; includeInIndex = 0; path = EssentialFeediOS.framework; sourceTree = BUILT_PRODUCTS_DIR; };
		389D90BE26A46B1400216D63 /* Info.plist */ = {isa = PBXFileReference; lastKnownFileType = text.plist.xml; path = Info.plist; sourceTree = "<group>"; };
		389D90C326A46B1400216D63 /* EssentialFeediOSTests.xctest */ = {isa = PBXFileReference; explicitFileType = wrapper.cfbundle; includeInIndex = 0; path = EssentialFeediOSTests.xctest; sourceTree = BUILT_PRODUCTS_DIR; };
		389D90CA26A46B1400216D63 /* Info.plist */ = {isa = PBXFileReference; lastKnownFileType = text.plist.xml; path = Info.plist; sourceTree = "<group>"; };
		389D90DB26A4A7AB00216D63 /* FeedViewController.swift */ = {isa = PBXFileReference; lastKnownFileType = sourcecode.swift; path = FeedViewController.swift; sourceTree = "<group>"; };
		389F26BA266013BE00B11E5C /* FeedStore.swift */ = {isa = PBXFileReference; lastKnownFileType = sourcecode.swift; path = FeedStore.swift; sourceTree = "<group>"; };
		389F26BC2660143D00B11E5C /* LocalFeedLoader.swift */ = {isa = PBXFileReference; lastKnownFileType = sourcecode.swift; path = LocalFeedLoader.swift; sourceTree = "<group>"; };
		389F26BE2663BDE900B11E5C /* LocalFeedImage.swift */ = {isa = PBXFileReference; lastKnownFileType = sourcecode.swift; path = LocalFeedImage.swift; sourceTree = "<group>"; };
		389F8B402694D5BF003EF461 /* FeedStore.xcdatamodel */ = {isa = PBXFileReference; lastKnownFileType = wrapper.xcdatamodel; path = FeedStore.xcdatamodel; sourceTree = "<group>"; };
		38A1BA4926D57564001E38D8 /* FeedImagePresenter.swift */ = {isa = PBXFileReference; lastKnownFileType = sourcecode.swift; path = FeedImagePresenter.swift; sourceTree = "<group>"; };
		38A1BA4B26D588AF001E38D8 /* UITableView+Dequeuing.swift */ = {isa = PBXFileReference; lastKnownFileType = sourcecode.swift; path = "UITableView+Dequeuing.swift"; sourceTree = "<group>"; };
		38A1BA4D26D58A2E001E38D8 /* UIImageView+Animations.swift */ = {isa = PBXFileReference; lastKnownFileType = sourcecode.swift; path = "UIImageView+Animations.swift"; sourceTree = "<group>"; };
		38A9264C26A2BF5D00F472FB /* CachedFeed.swift */ = {isa = PBXFileReference; lastKnownFileType = sourcecode.swift; path = CachedFeed.swift; sourceTree = "<group>"; };
		38AAD475261B4549004D6AF6 /* EssentialFeed.framework */ = {isa = PBXFileReference; explicitFileType = wrapper.framework; includeInIndex = 0; path = EssentialFeed.framework; sourceTree = BUILT_PRODUCTS_DIR; };
		38AAD478261B4549004D6AF6 /* EssentialFeed.h */ = {isa = PBXFileReference; lastKnownFileType = sourcecode.c.h; path = EssentialFeed.h; sourceTree = "<group>"; };
		38AAD479261B4549004D6AF6 /* Info.plist */ = {isa = PBXFileReference; lastKnownFileType = text.plist.xml; path = Info.plist; sourceTree = "<group>"; };
		38AAD47E261B4549004D6AF6 /* EssentialFeedTests.xctest */ = {isa = PBXFileReference; explicitFileType = wrapper.cfbundle; includeInIndex = 0; path = EssentialFeedTests.xctest; sourceTree = BUILT_PRODUCTS_DIR; };
		38AAD483261B4549004D6AF6 /* FeedItemsMapperTests.swift */ = {isa = PBXFileReference; lastKnownFileType = sourcecode.swift; path = FeedItemsMapperTests.swift; sourceTree = "<group>"; };
		38AAD485261B4549004D6AF6 /* Info.plist */ = {isa = PBXFileReference; lastKnownFileType = text.plist.xml; path = Info.plist; sourceTree = "<group>"; };
		38AAD491261B4B12004D6AF6 /* FeedImage.swift */ = {isa = PBXFileReference; lastKnownFileType = sourcecode.swift; path = FeedImage.swift; sourceTree = "<group>"; };
		38B12358265D57C800D8F93C /* CacheFeedUseCase.swift */ = {isa = PBXFileReference; lastKnownFileType = sourcecode.swift; path = CacheFeedUseCase.swift; sourceTree = "<group>"; };
		38D1BD59275781D30040CA23 /* FeedImageDataCache.swift */ = {isa = PBXFileReference; lastKnownFileType = sourcecode.swift; path = FeedImageDataCache.swift; sourceTree = "<group>"; };
		38D9BBB926E4A8EB00F81317 /* FeedLocalizationTests.swift */ = {isa = PBXFileReference; lastKnownFileType = sourcecode.swift; path = FeedLocalizationTests.swift; sourceTree = "<group>"; };
		38E43071275CC035008ADB27 /* UIImage+TestHelpers.swift */ = {isa = PBXFileReference; fileEncoding = 4; lastKnownFileType = sourcecode.swift; path = "UIImage+TestHelpers.swift"; sourceTree = "<group>"; };
		38E43074275D0ED0008ADB27 /* UITableView+HeaderSizing.swift */ = {isa = PBXFileReference; lastKnownFileType = sourcecode.swift; path = "UITableView+HeaderSizing.swift"; sourceTree = "<group>"; };
		38ED97682758F4F4006E0C96 /* FeedCache.swift */ = {isa = PBXFileReference; lastKnownFileType = sourcecode.swift; path = FeedCache.swift; sourceTree = "<group>"; };
		38EF491926553D5200EE6AF8 /* EssentialFeedAPIEndToEndTests.xctest */ = {isa = PBXFileReference; explicitFileType = wrapper.cfbundle; includeInIndex = 0; path = EssentialFeedAPIEndToEndTests.xctest; sourceTree = BUILT_PRODUCTS_DIR; };
		38EF491B26553D5200EE6AF8 /* EssentialFeedAPIEndToEndTests.swift */ = {isa = PBXFileReference; lastKnownFileType = sourcecode.swift; path = EssentialFeedAPIEndToEndTests.swift; sourceTree = "<group>"; };
		38EF491D26553D5200EE6AF8 /* Info.plist */ = {isa = PBXFileReference; lastKnownFileType = text.plist.xml; path = Info.plist; sourceTree = "<group>"; };
		38F8DEC12652C2F20090CD73 /* URLSessionHTTPClient.swift */ = {isa = PBXFileReference; lastKnownFileType = sourcecode.swift; path = URLSessionHTTPClient.swift; sourceTree = "<group>"; };
/* End PBXFileReference section */

/* Begin PBXFrameworksBuildPhase section */
		380E073426974E5600298C21 /* Frameworks */ = {
			isa = PBXFrameworksBuildPhase;
			buildActionMask = 2147483647;
			files = (
				380E073C26974E5600298C21 /* EssentialFeed.framework in Frameworks */,
			);
			runOnlyForDeploymentPostprocessing = 0;
		};
		389D90B826A46B1400216D63 /* Frameworks */ = {
			isa = PBXFrameworksBuildPhase;
			buildActionMask = 2147483647;
			files = (
				389D90D526A4993400216D63 /* EssentialFeed.framework in Frameworks */,
			);
			runOnlyForDeploymentPostprocessing = 0;
		};
		389D90C026A46B1400216D63 /* Frameworks */ = {
			isa = PBXFrameworksBuildPhase;
			buildActionMask = 2147483647;
			files = (
				389D90C426A46B1400216D63 /* EssentialFeediOS.framework in Frameworks */,
			);
			runOnlyForDeploymentPostprocessing = 0;
		};
		38AAD472261B4549004D6AF6 /* Frameworks */ = {
			isa = PBXFrameworksBuildPhase;
			buildActionMask = 2147483647;
			files = (
			);
			runOnlyForDeploymentPostprocessing = 0;
		};
		38AAD47B261B4549004D6AF6 /* Frameworks */ = {
			isa = PBXFrameworksBuildPhase;
			buildActionMask = 2147483647;
			files = (
				38AAD47F261B4549004D6AF6 /* EssentialFeed.framework in Frameworks */,
			);
			runOnlyForDeploymentPostprocessing = 0;
		};
		38EF491626553D5200EE6AF8 /* Frameworks */ = {
			isa = PBXFrameworksBuildPhase;
			buildActionMask = 2147483647;
			files = (
				38EF491E26553D5200EE6AF8 /* EssentialFeed.framework in Frameworks */,
			);
			runOnlyForDeploymentPostprocessing = 0;
		};
/* End PBXFrameworksBuildPhase section */

/* Begin PBXGroup section */
		3804FCFD2639C91B0084959B /* Feed API */ = {
			isa = PBXGroup;
			children = (
				3889AD0B271C066B002D8AC6 /* Helper */,
				38870184271BFDED0054F760 /* RemoteFeedImageDataLoader.swift */,
				38869F3F2646AB540034435D /* FeedItemsMapper.swift */,
			);
			path = "Feed API";
			sourceTree = "<group>";
		};
		380E073826974E5600298C21 /* EssentialFeedCacheIntegrationTests */ = {
			isa = PBXGroup;
			children = (
				380E073926974E5600298C21 /* EssentialFeedCacheIntegrationTests.swift */,
				380E073B26974E5600298C21 /* Info.plist */,
			);
			path = EssentialFeedCacheIntegrationTests;
			sourceTree = "<group>";
		};
		381F56AE2694B6D50094A7CF /* Helper */ = {
			isa = PBXGroup;
			children = (
				381F56AF2694B6E00094A7CF /* NSPersistentContainer+loadModuleName.swift */,
				381F56B12694B70B0094A7CF /* NSManagedObjectModel+initWithName.swift */,
			);
			path = Helper;
			sourceTree = "<group>";
		};
		383CF6E626655FA8001F4272 /* Helper */ = {
			isa = PBXGroup;
			children = (
				383CF6E726655FBF001F4272 /* FeedStoreSpy.swift */,
				3853B6972666AF0B00D14854 /* FeedCacheTestHelpers.swift */,
				38559370273DA35B00DD854F /* FeedImageDataStoreSpy.swift */,
			);
			path = Helper;
			sourceTree = "<group>";
		};
		3857611F26D41562008B1297 /* FeedUI */ = {
			isa = PBXGroup;
			children = (
				386712F726FA642300C96AAC /* Helpers */,
				385EB0B526AF01360068EAD7 /* Views */,
				385EB0B626AF01470068EAD7 /* Controllers */,
				3857612026D4157F008B1297 /* Feed.storyboard */,
				3857612226D4160A008B1297 /* FeedAssets.xcassets */,
			);
			path = FeedUI;
			sourceTree = "<group>";
		};
		385EB0B526AF01360068EAD7 /* Views */ = {
			isa = PBXGroup;
			children = (
				386712F526FA63D200C96AAC /* ErrorView.swift */,
				383A596826A7360600870FF7 /* FeedImageCell.swift */,
				38E43073275D0EB3008ADB27 /* Helpers */,
			);
			path = Views;
			sourceTree = "<group>";
		};
		385EB0B626AF01470068EAD7 /* Controllers */ = {
			isa = PBXGroup;
			children = (
				389D90DB26A4A7AB00216D63 /* FeedViewController.swift */,
				385EB0BA26AF09C00068EAD7 /* FeedImageCellController.swift */,
			);
			path = Controllers;
			sourceTree = "<group>";
		};
		385F861D27522FE300B8349E /* Infrastructure */ = {
			isa = PBXGroup;
			children = (
				381F56AC2694B6B20094A7CF /* CoreDataFeedStore.swift */,
				38394FA127538DC300D6B69C /* CoreDataFeedStore+FeedStore.swift */,
				385F861B27522A9F00B8349E /* CoreDataFeedStore+FeedImageDataLoader.swift */,
				385F861E27522FF100B8349E /* ManagedFeedImage.swift */,
				385F86202752300F00B8349E /* ManagedCache.swift */,
			);
			path = Infrastructure;
			sourceTree = "<group>";
		};
		3860172826499DA20066F663 /* Helper */ = {
			isa = PBXGroup;
			children = (
				3860172626499D250066F663 /* XCTTestCase+MemoryLeakTracking.swift */,
				3853B6992666AFE300D14854 /* SharedTestHelpers.swift */,
			);
			path = Helper;
			sourceTree = "<group>";
		};
		38625F11279DA44100B995F4 /* Shared API */ = {
			isa = PBXGroup;
			children = (
				38869F442647C9F80034435D /* HTTPClient.swift */,
			);
			path = "Shared API";
			sourceTree = "<group>";
		};
		38625F12279DA44B00B995F4 /* Shared API Infra */ = {
			isa = PBXGroup;
			children = (
				38F8DEC12652C2F20090CD73 /* URLSessionHTTPClient.swift */,
			);
			path = "Shared API Infra";
			sourceTree = "<group>";
		};
		38625F13279DA4C500B995F4 /* Shared API */ = {
			isa = PBXGroup;
			children = (
				38625F14279DA4CF00B995F4 /* Helpers */,
			);
			path = "Shared API";
			sourceTree = "<group>";
		};
		38625F14279DA4CF00B995F4 /* Helpers */ = {
			isa = PBXGroup;
			children = (
				38870182271B415D0054F760 /* HttpClientSpy.swift */,
			);
			path = Helpers;
			sourceTree = "<group>";
		};
		38625F15279DA4E100B995F4 /* Shared API Infra */ = {
			isa = PBXGroup;
			children = (
				38869F462647CB6D0034435D /* URLSessionHTTPClientTests.swift */,
			);
			path = "Shared API Infra";
			sourceTree = "<group>";
		};
		38625F16279DA58F00B995F4 /* Image Comments API */ = {
			isa = PBXGroup;
			children = (
				38625F0D279D937400B995F4 /* ImageCommentsMapper.swift */,
			);
			path = "Image Comments API";
			sourceTree = "<group>";
		};
		38625F17279DA5C300B995F4 /* Image Comments Feature */ = {
			isa = PBXGroup;
			children = (
				38625F0F279D9CC200B995F4 /* ImageComment.swift */,
			);
			path = "Image Comments Feature";
			sourceTree = "<group>";
		};
		38625F18279DA5E800B995F4 /* Image Comments API */ = {
			isa = PBXGroup;
			children = (
				38625F09279D90BA00B995F4 /* ImageCommentsMapperTests.swift */,
			);
			path = "Image Comments API";
			sourceTree = "<group>";
		};
		386712EB26FA5F0500C96AAC /* Feed Presentation */ = {
			isa = PBXGroup;
			children = (
				386712F326FA607200C96AAC /* FeedErrorViewModel.swift */,
				38A1BA4926D57564001E38D8 /* FeedImagePresenter.swift */,
				385EB0C226B06AF20068EAD7 /* FeedImageViewModel.swift */,
				386712F126FA605900C96AAC /* FeedLoadingViewModel.swift */,
				386712EC26FA5F1700C96AAC /* FeedPresenter.swift */,
				386712EF26FA603B00C96AAC /* FeedViewModel.swift */,
				386712E926FA5BF700C96AAC /* Feed.strings */,
			);
			path = "Feed Presentation";
			sourceTree = "<group>";
		};
		386712F726FA642300C96AAC /* Helpers */ = {
			isa = PBXGroup;
			children = (
				386712F826FA643400C96AAC /* UIRefreshControl+Helpers.swift */,
			);
			path = Helpers;
			sourceTree = "<group>";
		};
		38869F432646E5540034435D /* Feed API */ = {
			isa = PBXGroup;
			children = (
				38870181271B414E0054F760 /* Helper */,
				38AAD483261B4549004D6AF6 /* FeedItemsMapperTests.swift */,
				3887017F271B400D0054F760 /* LoadFeedImageDataFromRemoteUseCaseTests.swift */,
			);
			path = "Feed API";
			sourceTree = "<group>";
		};
		38870181271B414E0054F760 /* Helper */ = {
			isa = PBXGroup;
			children = (
				3889AD0C271C0703002D8AC6 /* URLProtocolStub.swift */,
			);
			path = Helper;
			sourceTree = "<group>";
		};
		3888771026FA483B0038C727 /* Feed Presentation */ = {
			isa = PBXGroup;
			children = (
				3888771126FA48560038C727 /* FeedPresenterTests.swift */,
				38122FB5271B0D38006FC8FD /* FeedImagePresenterTests.swift */,
				38D9BBB926E4A8EB00F81317 /* FeedLocalizationTests.swift */,
			);
			path = "Feed Presentation";
			sourceTree = "<group>";
		};
		3889AD0B271C066B002D8AC6 /* Helper */ = {
			isa = PBXGroup;
			children = (
				3889AD08271C05FF002D8AC6 /* HTTPURLResponse+StatusCode.swift */,
			);
			path = Helper;
			sourceTree = "<group>";
		};
		389D90BC26A46B1400216D63 /* EssentialFeediOS */ = {
			isa = PBXGroup;
			children = (
				389D90BE26A46B1400216D63 /* Info.plist */,
				3857611F26D41562008B1297 /* FeedUI */,
			);
			path = EssentialFeediOS;
			sourceTree = "<group>";
		};
		389D90C726A46B1400216D63 /* EssentialFeediOSTests */ = {
			isa = PBXGroup;
			children = (
				389D90CA26A46B1400216D63 /* Info.plist */,
				3872D6EE275CB45500774E3B /* FeedSnapshotTests.swift */,
				38E43070275CC025008ADB27 /* Helpers */,
			);
			path = EssentialFeediOSTests;
			sourceTree = "<group>";
		};
		389D90D426A4993400216D63 /* Frameworks */ = {
			isa = PBXGroup;
			children = (
			);
			name = Frameworks;
			sourceTree = "<group>";
		};
		389F26B9266013B100B11E5C /* Feed Cache */ = {
			isa = PBXGroup;
			children = (
				38A9264C26A2BF5D00F472FB /* CachedFeed.swift */,
				385F861D27522FE300B8349E /* Infrastructure */,
				388C1DD1266D417C00D9CADD /* FeedCachePolicy.swift */,
				3855936B273AF15900DD854F /* FeedImageDataStore.swift */,
				389F26BA266013BE00B11E5C /* FeedStore.swift */,
				389F26BE2663BDE900B11E5C /* LocalFeedImage.swift */,
				3855936D273AF1F200DD854F /* LocalFeedImageDataLoader.swift */,
				389F26BC2660143D00B11E5C /* LocalFeedLoader.swift */,
				381F56AE2694B6D50094A7CF /* Helper */,
			);
			path = "Feed Cache";
			sourceTree = "<group>";
		};
		38AAD46B261B4549004D6AF6 = {
			isa = PBXGroup;
			children = (
				38AAD477261B4549004D6AF6 /* EssentialFeed */,
				38AAD482261B4549004D6AF6 /* EssentialFeedTests */,
				38EF491A26553D5200EE6AF8 /* EssentialFeedAPIEndToEndTests */,
				380E073826974E5600298C21 /* EssentialFeedCacheIntegrationTests */,
				389D90BC26A46B1400216D63 /* EssentialFeediOS */,
				389D90C726A46B1400216D63 /* EssentialFeediOSTests */,
				38AAD476261B4549004D6AF6 /* Products */,
				389D90D426A4993400216D63 /* Frameworks */,
			);
			sourceTree = "<group>";
		};
		38AAD476261B4549004D6AF6 /* Products */ = {
			isa = PBXGroup;
			children = (
				38AAD475261B4549004D6AF6 /* EssentialFeed.framework */,
				38AAD47E261B4549004D6AF6 /* EssentialFeedTests.xctest */,
				38EF491926553D5200EE6AF8 /* EssentialFeedAPIEndToEndTests.xctest */,
				380E073726974E5600298C21 /* EssentialFeedCacheIntegrationTests.xctest */,
				389D90BB26A46B1400216D63 /* EssentialFeediOS.framework */,
				389D90C326A46B1400216D63 /* EssentialFeediOSTests.xctest */,
			);
			name = Products;
			sourceTree = "<group>";
		};
		38AAD477261B4549004D6AF6 /* EssentialFeed */ = {
			isa = PBXGroup;
			children = (
				38625F17279DA5C300B995F4 /* Image Comments Feature */,
				38625F16279DA58F00B995F4 /* Image Comments API */,
				38AAD478261B4549004D6AF6 /* EssentialFeed.h */,
				38AAD479261B4549004D6AF6 /* Info.plist */,
				389F8B3F2694D5BF003EF461 /* FeedStore.xcdatamodeld */,
				38625F11279DA44100B995F4 /* Shared API */,
				38625F12279DA44B00B995F4 /* Shared API Infra */,
				3804FCFD2639C91B0084959B /* Feed API */,
				389F26B9266013B100B11E5C /* Feed Cache */,
				38AAD4A5261B4D52004D6AF6 /* Feed Feature */,
				386712EB26FA5F0500C96AAC /* Feed Presentation */,
			);
			path = EssentialFeed;
			sourceTree = "<group>";
		};
		38AAD482261B4549004D6AF6 /* EssentialFeedTests */ = {
			isa = PBXGroup;
			children = (
				38AAD485261B4549004D6AF6 /* Info.plist */,
				3860172826499DA20066F663 /* Helper */,
				38625F13279DA4C500B995F4 /* Shared API */,
				38625F15279DA4E100B995F4 /* Shared API Infra */,
				38625F18279DA5E800B995F4 /* Image Comments API */,
				38869F432646E5540034435D /* Feed API */,
				38B12357265D57B700D8F93C /* Feed Cache */,
				3888771026FA483B0038C727 /* Feed Presentation */,
			);
			path = EssentialFeedTests;
			sourceTree = "<group>";
		};
		38AAD4A5261B4D52004D6AF6 /* Feed Feature */ = {
			isa = PBXGroup;
			children = (
				38ED97682758F4F4006E0C96 /* FeedCache.swift */,
				38AAD491261B4B12004D6AF6 /* FeedImage.swift */,
				38D1BD59275781D30040CA23 /* FeedImageDataCache.swift */,
				383A596C26A74FE500870FF7 /* FeedImageDataLoader.swift */,
			);
			path = "Feed Feature";
			sourceTree = "<group>";
		};
		38B12357265D57B700D8F93C /* Feed Cache */ = {
			isa = PBXGroup;
			children = (
				383CF6E626655FA8001F4272 /* Helper */,
				38B12358265D57C800D8F93C /* CacheFeedUseCase.swift */,
				3853B6952666A4A100D14854 /* ValidateFeedCacheUseCase.swift */,
				38919C3726655D07000B8F5C /* LoadFeedFromCacheUseCase.swift */,
				3870B1A2271C2041004B0B82 /* LoadFeedImageDataFromCacheUseCaseTests.swift */,
				388AF430274C0C9D0047087E /* CacheFeedImageDataUseCaseTests.swift */,
				385F861827521FC100B8349E /* CoreDataFeedImageDataStoreTests.swift */,
				381F569F2694A4CF0094A7CF /* CoreDataFeedStoreTests.swift */,
				3814F5FC2674EF3F0065F6FF /* XCTestCase+FeedStoreSpecs.swift */,
				3814F5FA2674E9BE0065F6FF /* FeedStoreSpecs.swift */,
			);
			path = "Feed Cache";
			sourceTree = "<group>";
		};
		38E43070275CC025008ADB27 /* Helpers */ = {
			isa = PBXGroup;
			children = (
				38E43071275CC035008ADB27 /* UIImage+TestHelpers.swift */,
			);
			path = Helpers;
			sourceTree = "<group>";
		};
		38E43073275D0EB3008ADB27 /* Helpers */ = {
			isa = PBXGroup;
			children = (
				38A1BA4D26D58A2E001E38D8 /* UIImageView+Animations.swift */,
				38A1BA4B26D588AF001E38D8 /* UITableView+Dequeuing.swift */,
				38E43074275D0ED0008ADB27 /* UITableView+HeaderSizing.swift */,
				383A596F26A7542600870FF7 /* UIView+Shimmering.swift */,
			);
			path = Helpers;
			sourceTree = "<group>";
		};
		38EF491A26553D5200EE6AF8 /* EssentialFeedAPIEndToEndTests */ = {
			isa = PBXGroup;
			children = (
				38EF491B26553D5200EE6AF8 /* EssentialFeedAPIEndToEndTests.swift */,
				38EF491D26553D5200EE6AF8 /* Info.plist */,
			);
			path = EssentialFeedAPIEndToEndTests;
			sourceTree = "<group>";
		};
/* End PBXGroup section */

/* Begin PBXHeadersBuildPhase section */
		389D90B626A46B1400216D63 /* Headers */ = {
			isa = PBXHeadersBuildPhase;
			buildActionMask = 2147483647;
			files = (
			);
			runOnlyForDeploymentPostprocessing = 0;
		};
		38AAD470261B4549004D6AF6 /* Headers */ = {
			isa = PBXHeadersBuildPhase;
			buildActionMask = 2147483647;
			files = (
				38AAD486261B4549004D6AF6 /* EssentialFeed.h in Headers */,
			);
			runOnlyForDeploymentPostprocessing = 0;
		};
/* End PBXHeadersBuildPhase section */

/* Begin PBXNativeTarget section */
		380E073626974E5600298C21 /* EssentialFeedCacheIntegrationTests */ = {
			isa = PBXNativeTarget;
			buildConfigurationList = 380E074126974E5600298C21 /* Build configuration list for PBXNativeTarget "EssentialFeedCacheIntegrationTests" */;
			buildPhases = (
				380E073326974E5600298C21 /* Sources */,
				380E073426974E5600298C21 /* Frameworks */,
				380E073526974E5600298C21 /* Resources */,
			);
			buildRules = (
			);
			dependencies = (
				380E073E26974E5600298C21 /* PBXTargetDependency */,
			);
			name = EssentialFeedCacheIntegrationTests;
			productName = EssentialFeedCacheIntegrationTests;
			productReference = 380E073726974E5600298C21 /* EssentialFeedCacheIntegrationTests.xctest */;
			productType = "com.apple.product-type.bundle.unit-test";
		};
		389D90BA26A46B1400216D63 /* EssentialFeediOS */ = {
			isa = PBXNativeTarget;
			buildConfigurationList = 389D90CC26A46B1400216D63 /* Build configuration list for PBXNativeTarget "EssentialFeediOS" */;
			buildPhases = (
				389D90B626A46B1400216D63 /* Headers */,
				389D90B726A46B1400216D63 /* Sources */,
				389D90B826A46B1400216D63 /* Frameworks */,
				389D90B926A46B1400216D63 /* Resources */,
			);
			buildRules = (
			);
			dependencies = (
				389D90D826A4993400216D63 /* PBXTargetDependency */,
			);
			name = EssentialFeediOS;
			productName = EssentialFeediOS;
			productReference = 389D90BB26A46B1400216D63 /* EssentialFeediOS.framework */;
			productType = "com.apple.product-type.framework";
		};
		389D90C226A46B1400216D63 /* EssentialFeediOSTests */ = {
			isa = PBXNativeTarget;
			buildConfigurationList = 389D90CF26A46B1400216D63 /* Build configuration list for PBXNativeTarget "EssentialFeediOSTests" */;
			buildPhases = (
				389D90BF26A46B1400216D63 /* Sources */,
				389D90C026A46B1400216D63 /* Frameworks */,
				389D90C126A46B1400216D63 /* Resources */,
			);
			buildRules = (
			);
			dependencies = (
				389D90C626A46B1400216D63 /* PBXTargetDependency */,
			);
			name = EssentialFeediOSTests;
			productName = EssentialFeediOSTests;
			productReference = 389D90C326A46B1400216D63 /* EssentialFeediOSTests.xctest */;
			productType = "com.apple.product-type.bundle.unit-test";
		};
		38AAD474261B4549004D6AF6 /* EssentialFeed */ = {
			isa = PBXNativeTarget;
			buildConfigurationList = 38AAD489261B4549004D6AF6 /* Build configuration list for PBXNativeTarget "EssentialFeed" */;
			buildPhases = (
				38AAD470261B4549004D6AF6 /* Headers */,
				38AAD471261B4549004D6AF6 /* Sources */,
				38AAD472261B4549004D6AF6 /* Frameworks */,
				38AAD473261B4549004D6AF6 /* Resources */,
			);
			buildRules = (
			);
			dependencies = (
			);
			name = EssentialFeed;
			productName = EssentialFeed;
			productReference = 38AAD475261B4549004D6AF6 /* EssentialFeed.framework */;
			productType = "com.apple.product-type.framework";
		};
		38AAD47D261B4549004D6AF6 /* EssentialFeedTests */ = {
			isa = PBXNativeTarget;
			buildConfigurationList = 38AAD48C261B4549004D6AF6 /* Build configuration list for PBXNativeTarget "EssentialFeedTests" */;
			buildPhases = (
				38AAD47A261B4549004D6AF6 /* Sources */,
				38AAD47B261B4549004D6AF6 /* Frameworks */,
				38AAD47C261B4549004D6AF6 /* Resources */,
			);
			buildRules = (
			);
			dependencies = (
				38AAD481261B4549004D6AF6 /* PBXTargetDependency */,
			);
			name = EssentialFeedTests;
			productName = EssentialFeedTests;
			productReference = 38AAD47E261B4549004D6AF6 /* EssentialFeedTests.xctest */;
			productType = "com.apple.product-type.bundle.unit-test";
		};
		38EF491826553D5200EE6AF8 /* EssentialFeedAPIEndToEndTests */ = {
			isa = PBXNativeTarget;
			buildConfigurationList = 38EF492126553D5200EE6AF8 /* Build configuration list for PBXNativeTarget "EssentialFeedAPIEndToEndTests" */;
			buildPhases = (
				38EF491526553D5200EE6AF8 /* Sources */,
				38EF491626553D5200EE6AF8 /* Frameworks */,
				38EF491726553D5200EE6AF8 /* Resources */,
			);
			buildRules = (
			);
			dependencies = (
				38EF492026553D5200EE6AF8 /* PBXTargetDependency */,
			);
			name = EssentialFeedAPIEndToEndTests;
			productName = EssentialFeedAPIEndToEndTests;
			productReference = 38EF491926553D5200EE6AF8 /* EssentialFeedAPIEndToEndTests.xctest */;
			productType = "com.apple.product-type.bundle.unit-test";
		};
/* End PBXNativeTarget section */

/* Begin PBXProject section */
		38AAD46C261B4549004D6AF6 /* Project object */ = {
			isa = PBXProject;
			attributes = {
				LastSwiftUpdateCheck = 1250;
				LastUpgradeCheck = 1240;
				ORGANIZATIONNAME = "Andreas Link";
				TargetAttributes = {
					380E073626974E5600298C21 = {
						CreatedOnToolsVersion = 12.5;
					};
					389D90BA26A46B1400216D63 = {
						CreatedOnToolsVersion = 12.5.1;
						LastSwiftMigration = 1250;
					};
					389D90C226A46B1400216D63 = {
						CreatedOnToolsVersion = 12.5.1;
						LastSwiftMigration = 1250;
					};
					38AAD474261B4549004D6AF6 = {
						CreatedOnToolsVersion = 12.4;
						LastSwiftMigration = 1240;
					};
					38AAD47D261B4549004D6AF6 = {
						CreatedOnToolsVersion = 12.4;
					};
					38EF491826553D5200EE6AF8 = {
						CreatedOnToolsVersion = 12.5;
					};
				};
			};
			buildConfigurationList = 38AAD46F261B4549004D6AF6 /* Build configuration list for PBXProject "EssentialFeed" */;
			compatibilityVersion = "Xcode 9.3";
			developmentRegion = en;
			hasScannedForEncodings = 0;
			knownRegions = (
				en,
				Base,
				de,
			);
			mainGroup = 38AAD46B261B4549004D6AF6;
			productRefGroup = 38AAD476261B4549004D6AF6 /* Products */;
			projectDirPath = "";
			projectRoot = "";
			targets = (
				38AAD474261B4549004D6AF6 /* EssentialFeed */,
				38AAD47D261B4549004D6AF6 /* EssentialFeedTests */,
				38EF491826553D5200EE6AF8 /* EssentialFeedAPIEndToEndTests */,
				380E073626974E5600298C21 /* EssentialFeedCacheIntegrationTests */,
				389D90BA26A46B1400216D63 /* EssentialFeediOS */,
				389D90C226A46B1400216D63 /* EssentialFeediOSTests */,
			);
		};
/* End PBXProject section */

/* Begin PBXResourcesBuildPhase section */
		380E073526974E5600298C21 /* Resources */ = {
			isa = PBXResourcesBuildPhase;
			buildActionMask = 2147483647;
			files = (
			);
			runOnlyForDeploymentPostprocessing = 0;
		};
		389D90B926A46B1400216D63 /* Resources */ = {
			isa = PBXResourcesBuildPhase;
			buildActionMask = 2147483647;
			files = (
				3857612326D4160A008B1297 /* FeedAssets.xcassets in Resources */,
				3857612126D4157F008B1297 /* Feed.storyboard in Resources */,
			);
			runOnlyForDeploymentPostprocessing = 0;
		};
		389D90C126A46B1400216D63 /* Resources */ = {
			isa = PBXResourcesBuildPhase;
			buildActionMask = 2147483647;
			files = (
			);
			runOnlyForDeploymentPostprocessing = 0;
		};
		38AAD473261B4549004D6AF6 /* Resources */ = {
			isa = PBXResourcesBuildPhase;
			buildActionMask = 2147483647;
			files = (
				386712EE26FA5FE600C96AAC /* Feed.strings in Resources */,
			);
			runOnlyForDeploymentPostprocessing = 0;
		};
		38AAD47C261B4549004D6AF6 /* Resources */ = {
			isa = PBXResourcesBuildPhase;
			buildActionMask = 2147483647;
			files = (
			);
			runOnlyForDeploymentPostprocessing = 0;
		};
		38EF491726553D5200EE6AF8 /* Resources */ = {
			isa = PBXResourcesBuildPhase;
			buildActionMask = 2147483647;
			files = (
			);
			runOnlyForDeploymentPostprocessing = 0;
		};
/* End PBXResourcesBuildPhase section */

/* Begin PBXSourcesBuildPhase section */
		380E073326974E5600298C21 /* Sources */ = {
			isa = PBXSourcesBuildPhase;
			buildActionMask = 2147483647;
			files = (
				388DDB5B2697598E000DAACD /* FeedCacheTestHelpers.swift in Sources */,
				388DDB582697531E000DAACD /* XCTTestCase+MemoryLeakTracking.swift in Sources */,
				380E073A26974E5600298C21 /* EssentialFeedCacheIntegrationTests.swift in Sources */,
				388DDB5A269755D5000DAACD /* SharedTestHelpers.swift in Sources */,
			);
			runOnlyForDeploymentPostprocessing = 0;
		};
		389D90B726A46B1400216D63 /* Sources */ = {
			isa = PBXSourcesBuildPhase;
			buildActionMask = 2147483647;
			files = (
				383A597026A7542600870FF7 /* UIView+Shimmering.swift in Sources */,
				389D90DC26A4A7AB00216D63 /* FeedViewController.swift in Sources */,
				38E43075275D0ED0008ADB27 /* UITableView+HeaderSizing.swift in Sources */,
				383A596926A7360600870FF7 /* FeedImageCell.swift in Sources */,
				38A1BA4C26D588AF001E38D8 /* UITableView+Dequeuing.swift in Sources */,
				38A1BA4E26D58A2E001E38D8 /* UIImageView+Animations.swift in Sources */,
				386712F626FA63D200C96AAC /* ErrorView.swift in Sources */,
				386712F926FA643400C96AAC /* UIRefreshControl+Helpers.swift in Sources */,
				385EB0BB26AF09C00068EAD7 /* FeedImageCellController.swift in Sources */,
			);
			runOnlyForDeploymentPostprocessing = 0;
		};
		389D90BF26A46B1400216D63 /* Sources */ = {
			isa = PBXSourcesBuildPhase;
			buildActionMask = 2147483647;
			files = (
				389D90DA26A49A1000216D63 /* XCTTestCase+MemoryLeakTracking.swift in Sources */,
				3872D6EF275CB45500774E3B /* FeedSnapshotTests.swift in Sources */,
				383A596A26A7406600870FF7 /* SharedTestHelpers.swift in Sources */,
				38E43072275CC035008ADB27 /* UIImage+TestHelpers.swift in Sources */,
			);
			runOnlyForDeploymentPostprocessing = 0;
		};
		38AAD471261B4549004D6AF6 /* Sources */ = {
			isa = PBXSourcesBuildPhase;
			buildActionMask = 2147483647;
			files = (
				385F86212752300F00B8349E /* ManagedCache.swift in Sources */,
				38869F452647C9F80034435D /* HTTPClient.swift in Sources */,
				381F56B02694B6E00094A7CF /* NSPersistentContainer+loadModuleName.swift in Sources */,
				38AAD492261B4B12004D6AF6 /* FeedImage.swift in Sources */,
				38122FB8271B2054006FC8FD /* FeedImageViewModel.swift in Sources */,
				388C1DD2266D417C00D9CADD /* FeedCachePolicy.swift in Sources */,
				38625F0E279D937400B995F4 /* ImageCommentsMapper.swift in Sources */,
				389F26BF2663BDE900B11E5C /* LocalFeedImage.swift in Sources */,
				389F26BB266013BE00B11E5C /* FeedStore.swift in Sources */,
				386712F026FA603B00C96AAC /* FeedViewModel.swift in Sources */,
				381F56B22694B70B0094A7CF /* NSManagedObjectModel+initWithName.swift in Sources */,
				38869F402646AB540034435D /* FeedItemsMapper.swift in Sources */,
				38394FA227538DC300D6B69C /* CoreDataFeedStore+FeedStore.swift in Sources */,
				389F26BD2660143D00B11E5C /* LocalFeedLoader.swift in Sources */,
				38870185271BFDED0054F760 /* RemoteFeedImageDataLoader.swift in Sources */,
				3855936C273AF15900DD854F /* FeedImageDataStore.swift in Sources */,
				386712ED26FA5F1700C96AAC /* FeedPresenter.swift in Sources */,
				38A9264D26A2BF5D00F472FB /* CachedFeed.swift in Sources */,
				3889AD0A271C065A002D8AC6 /* HTTPURLResponse+StatusCode.swift in Sources */,
				38F8DEC42652C3360090CD73 /* URLSessionHTTPClient.swift in Sources */,
				381F56AD2694B6B20094A7CF /* CoreDataFeedStore.swift in Sources */,
				386712F426FA607200C96AAC /* FeedErrorViewModel.swift in Sources */,
				38D1BD5A275781D30040CA23 /* FeedImageDataCache.swift in Sources */,
				38ED97692758F4F4006E0C96 /* FeedCache.swift in Sources */,
				388A6A2B271B3F0F00A6350E /* FeedImageDataLoader.swift in Sources */,
				386712F226FA605900C96AAC /* FeedLoadingViewModel.swift in Sources */,
				3855936F273AF20B00DD854F /* LocalFeedImageDataLoader.swift in Sources */,
				385F861C27522A9F00B8349E /* CoreDataFeedStore+FeedImageDataLoader.swift in Sources */,
				38122FB7271B2054006FC8FD /* FeedImagePresenter.swift in Sources */,
				389F8B412694D5BF003EF461 /* FeedStore.xcdatamodeld in Sources */,
				385F861F27522FF100B8349E /* ManagedFeedImage.swift in Sources */,
				38625F10279D9CC200B995F4 /* ImageComment.swift in Sources */,
			);
			runOnlyForDeploymentPostprocessing = 0;
		};
		38AAD47A261B4549004D6AF6 /* Sources */ = {
			isa = PBXSourcesBuildPhase;
			buildActionMask = 2147483647;
			files = (
				38870180271B400D0054F760 /* LoadFeedImageDataFromRemoteUseCaseTests.swift in Sources */,
				3870B1A3271C2041004B0B82 /* LoadFeedImageDataFromCacheUseCaseTests.swift in Sources */,
				388AF431274C0C9D0047087E /* CacheFeedImageDataUseCaseTests.swift in Sources */,
				3888771226FA48560038C727 /* FeedPresenterTests.swift in Sources */,
				381F56A02694A4CF0094A7CF /* CoreDataFeedStoreTests.swift in Sources */,
				3853B6982666AF0B00D14854 /* FeedCacheTestHelpers.swift in Sources */,
				3860172726499D250066F663 /* XCTTestCase+MemoryLeakTracking.swift in Sources */,
				38DA49BF26FA6C07001397BF /* FeedLocalizationTests.swift in Sources */,
				38AAD484261B4549004D6AF6 /* FeedItemsMapperTests.swift in Sources */,
				38870183271B415D0054F760 /* HttpClientSpy.swift in Sources */,
				383CF6E826655FBF001F4272 /* FeedStoreSpy.swift in Sources */,
				38625F0A279D90BA00B995F4 /* ImageCommentsMapperTests.swift in Sources */,
				38122FB6271B0D38006FC8FD /* FeedImagePresenterTests.swift in Sources */,
				38B12359265D57C800D8F93C /* CacheFeedUseCase.swift in Sources */,
				38559372273DA47200DD854F /* FeedImageDataStoreSpy.swift in Sources */,
				385F861927521FC100B8349E /* CoreDataFeedImageDataStoreTests.swift in Sources */,
				3853B69A2666AFE300D14854 /* SharedTestHelpers.swift in Sources */,
				38869F472647CB6D0034435D /* URLSessionHTTPClientTests.swift in Sources */,
				3889AD0D271C0703002D8AC6 /* URLProtocolStub.swift in Sources */,
				38919C3826655D07000B8F5C /* LoadFeedFromCacheUseCase.swift in Sources */,
				3814F5FB2674E9BE0065F6FF /* FeedStoreSpecs.swift in Sources */,
				3853B6962666A4A100D14854 /* ValidateFeedCacheUseCase.swift in Sources */,
				3814F5FD2674EF3F0065F6FF /* XCTestCase+FeedStoreSpecs.swift in Sources */,
			);
			runOnlyForDeploymentPostprocessing = 0;
		};
		38EF491526553D5200EE6AF8 /* Sources */ = {
			isa = PBXSourcesBuildPhase;
			buildActionMask = 2147483647;
			files = (
				38EF49242655492100EE6AF8 /* XCTTestCase+MemoryLeakTracking.swift in Sources */,
				38EF491C26553D5200EE6AF8 /* EssentialFeedAPIEndToEndTests.swift in Sources */,
				383A596B26A7406800870FF7 /* SharedTestHelpers.swift in Sources */,
			);
			runOnlyForDeploymentPostprocessing = 0;
		};
/* End PBXSourcesBuildPhase section */

/* Begin PBXTargetDependency section */
		380E073E26974E5600298C21 /* PBXTargetDependency */ = {
			isa = PBXTargetDependency;
			target = 38AAD474261B4549004D6AF6 /* EssentialFeed */;
			targetProxy = 380E073D26974E5600298C21 /* PBXContainerItemProxy */;
		};
		389D90C626A46B1400216D63 /* PBXTargetDependency */ = {
			isa = PBXTargetDependency;
			target = 389D90BA26A46B1400216D63 /* EssentialFeediOS */;
			targetProxy = 389D90C526A46B1400216D63 /* PBXContainerItemProxy */;
		};
		389D90D826A4993400216D63 /* PBXTargetDependency */ = {
			isa = PBXTargetDependency;
			platformFilter = ios;
			target = 38AAD474261B4549004D6AF6 /* EssentialFeed */;
			targetProxy = 389D90D726A4993400216D63 /* PBXContainerItemProxy */;
		};
		38AAD481261B4549004D6AF6 /* PBXTargetDependency */ = {
			isa = PBXTargetDependency;
			target = 38AAD474261B4549004D6AF6 /* EssentialFeed */;
			targetProxy = 38AAD480261B4549004D6AF6 /* PBXContainerItemProxy */;
		};
		38EF492026553D5200EE6AF8 /* PBXTargetDependency */ = {
			isa = PBXTargetDependency;
			target = 38AAD474261B4549004D6AF6 /* EssentialFeed */;
			targetProxy = 38EF491F26553D5200EE6AF8 /* PBXContainerItemProxy */;
		};
/* End PBXTargetDependency section */

/* Begin PBXVariantGroup section */
		386712E926FA5BF700C96AAC /* Feed.strings */ = {
			isa = PBXVariantGroup;
			children = (
				386712E826FA5BF700C96AAC /* en */,
				386712EA26FA5BFC00C96AAC /* de */,
			);
			name = Feed.strings;
			sourceTree = "<group>";
		};
/* End PBXVariantGroup section */

/* Begin XCBuildConfiguration section */
		380E073F26974E5600298C21 /* Debug */ = {
			isa = XCBuildConfiguration;
			buildSettings = {
				CODE_SIGN_STYLE = Automatic;
				COMBINE_HIDPI_IMAGES = YES;
				DEVELOPMENT_TEAM = 59983C7393;
				INFOPLIST_FILE = EssentialFeedCacheIntegrationTests/Info.plist;
				LD_RUNPATH_SEARCH_PATHS = (
					"$(inherited)",
					"@executable_path/../Frameworks",
					"@loader_path/../Frameworks",
				);
				MACOSX_DEPLOYMENT_TARGET = 11.1;
				PRODUCT_BUNDLE_IDENTIFIER = de.linkandreas.EssentialFeedCacheIntegrationTests;
				PRODUCT_NAME = "$(TARGET_NAME)";
				SUPPORTED_PLATFORMS = "macosx iphoneos iphonesimulator";
				SWIFT_VERSION = 5.0;
				TVOS_DEPLOYMENT_TARGET = 14.5;
			};
			name = Debug;
		};
		380E074026974E5600298C21 /* Release */ = {
			isa = XCBuildConfiguration;
			buildSettings = {
				CODE_SIGN_STYLE = Automatic;
				COMBINE_HIDPI_IMAGES = YES;
				DEVELOPMENT_TEAM = 59983C7393;
				INFOPLIST_FILE = EssentialFeedCacheIntegrationTests/Info.plist;
				LD_RUNPATH_SEARCH_PATHS = (
					"$(inherited)",
					"@executable_path/../Frameworks",
					"@loader_path/../Frameworks",
				);
				MACOSX_DEPLOYMENT_TARGET = 11.1;
				PRODUCT_BUNDLE_IDENTIFIER = de.linkandreas.EssentialFeedCacheIntegrationTests;
				PRODUCT_NAME = "$(TARGET_NAME)";
				SUPPORTED_PLATFORMS = "macosx iphoneos iphonesimulator";
				SWIFT_VERSION = 5.0;
				TVOS_DEPLOYMENT_TARGET = 14.5;
			};
			name = Release;
		};
		389D90CD26A46B1400216D63 /* Debug */ = {
			isa = XCBuildConfiguration;
			buildSettings = {
				CLANG_ENABLE_MODULES = YES;
				CODE_SIGN_STYLE = Automatic;
				CURRENT_PROJECT_VERSION = 1;
				DEFINES_MODULE = YES;
				DEVELOPMENT_TEAM = 59983C7393;
				DYLIB_COMPATIBILITY_VERSION = 1;
				DYLIB_CURRENT_VERSION = 1;
				DYLIB_INSTALL_NAME_BASE = "@rpath";
				INFOPLIST_FILE = EssentialFeediOS/Info.plist;
				INSTALL_PATH = "$(LOCAL_LIBRARY_DIR)/Frameworks";
				IPHONEOS_DEPLOYMENT_TARGET = 14.5;
				LD_RUNPATH_SEARCH_PATHS = (
					"$(inherited)",
					"@executable_path/Frameworks",
					"@loader_path/Frameworks",
				);
				MARKETING_VERSION = 1.0.0;
				PRODUCT_BUNDLE_IDENTIFIER = de.linkandreas.EssentialFeediOS;
				PRODUCT_NAME = "$(TARGET_NAME:c99extidentifier)";
				SDKROOT = iphoneos;
				SKIP_INSTALL = YES;
				SWIFT_OPTIMIZATION_LEVEL = "-Onone";
				SWIFT_VERSION = 5.0;
				TARGETED_DEVICE_FAMILY = "1,2";
				TVOS_DEPLOYMENT_TARGET = 14.5;
			};
			name = Debug;
		};
		389D90CE26A46B1400216D63 /* Release */ = {
			isa = XCBuildConfiguration;
			buildSettings = {
				CLANG_ENABLE_MODULES = YES;
				CODE_SIGN_STYLE = Automatic;
				CURRENT_PROJECT_VERSION = 1;
				DEFINES_MODULE = YES;
				DEVELOPMENT_TEAM = 59983C7393;
				DYLIB_COMPATIBILITY_VERSION = 1;
				DYLIB_CURRENT_VERSION = 1;
				DYLIB_INSTALL_NAME_BASE = "@rpath";
				INFOPLIST_FILE = EssentialFeediOS/Info.plist;
				INSTALL_PATH = "$(LOCAL_LIBRARY_DIR)/Frameworks";
				IPHONEOS_DEPLOYMENT_TARGET = 14.5;
				LD_RUNPATH_SEARCH_PATHS = (
					"$(inherited)",
					"@executable_path/Frameworks",
					"@loader_path/Frameworks",
				);
				MARKETING_VERSION = 1.0.0;
				PRODUCT_BUNDLE_IDENTIFIER = de.linkandreas.EssentialFeediOS;
				PRODUCT_NAME = "$(TARGET_NAME:c99extidentifier)";
				SDKROOT = iphoneos;
				SKIP_INSTALL = YES;
				SWIFT_VERSION = 5.0;
				TARGETED_DEVICE_FAMILY = "1,2";
				TVOS_DEPLOYMENT_TARGET = 14.5;
				VALIDATE_PRODUCT = YES;
			};
			name = Release;
		};
		389D90D026A46B1400216D63 /* Debug */ = {
			isa = XCBuildConfiguration;
			buildSettings = {
				ALWAYS_EMBED_SWIFT_STANDARD_LIBRARIES = YES;
				CLANG_ENABLE_MODULES = YES;
				CODE_SIGN_STYLE = Automatic;
				DEVELOPMENT_TEAM = 59983C7393;
				INFOPLIST_FILE = EssentialFeediOSTests/Info.plist;
				IPHONEOS_DEPLOYMENT_TARGET = 14.5;
				LD_RUNPATH_SEARCH_PATHS = (
					"$(inherited)",
					"@executable_path/Frameworks",
					"@loader_path/Frameworks",
				);
				PRODUCT_BUNDLE_IDENTIFIER = de.linkandreas.EssentialFeediOSTests;
				PRODUCT_NAME = "$(TARGET_NAME)";
				SDKROOT = iphoneos;
				SWIFT_OPTIMIZATION_LEVEL = "-Onone";
				SWIFT_VERSION = 5.0;
				TARGETED_DEVICE_FAMILY = "1,2";
				TVOS_DEPLOYMENT_TARGET = 14.5;
			};
			name = Debug;
		};
		389D90D126A46B1400216D63 /* Release */ = {
			isa = XCBuildConfiguration;
			buildSettings = {
				ALWAYS_EMBED_SWIFT_STANDARD_LIBRARIES = YES;
				CLANG_ENABLE_MODULES = YES;
				CODE_SIGN_STYLE = Automatic;
				DEVELOPMENT_TEAM = 59983C7393;
				INFOPLIST_FILE = EssentialFeediOSTests/Info.plist;
				IPHONEOS_DEPLOYMENT_TARGET = 14.5;
				LD_RUNPATH_SEARCH_PATHS = (
					"$(inherited)",
					"@executable_path/Frameworks",
					"@loader_path/Frameworks",
				);
				PRODUCT_BUNDLE_IDENTIFIER = de.linkandreas.EssentialFeediOSTests;
				PRODUCT_NAME = "$(TARGET_NAME)";
				SDKROOT = iphoneos;
				SWIFT_VERSION = 5.0;
				TARGETED_DEVICE_FAMILY = "1,2";
				TVOS_DEPLOYMENT_TARGET = 14.5;
				VALIDATE_PRODUCT = YES;
			};
			name = Release;
		};
		38AAD487261B4549004D6AF6 /* Debug */ = {
			isa = XCBuildConfiguration;
			buildSettings = {
				ALWAYS_SEARCH_USER_PATHS = NO;
				CLANG_ANALYZER_LOCALIZABILITY_NONLOCALIZED = YES;
				CLANG_ANALYZER_NONNULL = YES;
				CLANG_ANALYZER_NUMBER_OBJECT_CONVERSION = YES_AGGRESSIVE;
				CLANG_CXX_LANGUAGE_STANDARD = "gnu++14";
				CLANG_CXX_LIBRARY = "libc++";
				CLANG_ENABLE_MODULES = YES;
				CLANG_ENABLE_OBJC_ARC = YES;
				CLANG_ENABLE_OBJC_WEAK = YES;
				CLANG_WARN_BLOCK_CAPTURE_AUTORELEASING = YES;
				CLANG_WARN_BOOL_CONVERSION = YES;
				CLANG_WARN_COMMA = YES;
				CLANG_WARN_CONSTANT_CONVERSION = YES;
				CLANG_WARN_DEPRECATED_OBJC_IMPLEMENTATIONS = YES;
				CLANG_WARN_DIRECT_OBJC_ISA_USAGE = YES_ERROR;
				CLANG_WARN_DOCUMENTATION_COMMENTS = YES;
				CLANG_WARN_EMPTY_BODY = YES;
				CLANG_WARN_ENUM_CONVERSION = YES;
				CLANG_WARN_INFINITE_RECURSION = YES;
				CLANG_WARN_INT_CONVERSION = YES;
				CLANG_WARN_NON_LITERAL_NULL_CONVERSION = YES;
				CLANG_WARN_OBJC_IMPLICIT_RETAIN_SELF = YES;
				CLANG_WARN_OBJC_LITERAL_CONVERSION = YES;
				CLANG_WARN_OBJC_ROOT_CLASS = YES_ERROR;
				CLANG_WARN_QUOTED_INCLUDE_IN_FRAMEWORK_HEADER = YES;
				CLANG_WARN_RANGE_LOOP_ANALYSIS = YES;
				CLANG_WARN_STRICT_PROTOTYPES = YES;
				CLANG_WARN_SUSPICIOUS_MOVE = YES;
				CLANG_WARN_UNGUARDED_AVAILABILITY = YES_AGGRESSIVE;
				CLANG_WARN_UNREACHABLE_CODE = YES;
				CLANG_WARN__DUPLICATE_METHOD_MATCH = YES;
				COPY_PHASE_STRIP = NO;
				CURRENT_PROJECT_VERSION = 1;
				DEBUG_INFORMATION_FORMAT = dwarf;
				ENABLE_STRICT_OBJC_MSGSEND = YES;
				ENABLE_TESTABILITY = YES;
				GCC_C_LANGUAGE_STANDARD = gnu11;
				GCC_DYNAMIC_NO_PIC = NO;
				GCC_NO_COMMON_BLOCKS = YES;
				GCC_OPTIMIZATION_LEVEL = 0;
				GCC_PREPROCESSOR_DEFINITIONS = (
					"DEBUG=1",
					"$(inherited)",
				);
				GCC_WARN_64_TO_32_BIT_CONVERSION = YES;
				GCC_WARN_ABOUT_RETURN_TYPE = YES_ERROR;
				GCC_WARN_UNDECLARED_SELECTOR = YES;
				GCC_WARN_UNINITIALIZED_AUTOS = YES_AGGRESSIVE;
				GCC_WARN_UNUSED_FUNCTION = YES;
				GCC_WARN_UNUSED_VARIABLE = YES;
				IPHONEOS_DEPLOYMENT_TARGET = 14.5;
				MACOSX_DEPLOYMENT_TARGET = 11.1;
				MTL_ENABLE_DEBUG_INFO = INCLUDE_SOURCE;
				MTL_FAST_MATH = YES;
				ONLY_ACTIVE_ARCH = YES;
				SDKROOT = macosx;
				SWIFT_ACTIVE_COMPILATION_CONDITIONS = DEBUG;
				SWIFT_OPTIMIZATION_LEVEL = "-Onone";
				VERSIONING_SYSTEM = "apple-generic";
				VERSION_INFO_PREFIX = "";
			};
			name = Debug;
		};
		38AAD488261B4549004D6AF6 /* Release */ = {
			isa = XCBuildConfiguration;
			buildSettings = {
				ALWAYS_SEARCH_USER_PATHS = NO;
				CLANG_ANALYZER_LOCALIZABILITY_NONLOCALIZED = YES;
				CLANG_ANALYZER_NONNULL = YES;
				CLANG_ANALYZER_NUMBER_OBJECT_CONVERSION = YES_AGGRESSIVE;
				CLANG_CXX_LANGUAGE_STANDARD = "gnu++14";
				CLANG_CXX_LIBRARY = "libc++";
				CLANG_ENABLE_MODULES = YES;
				CLANG_ENABLE_OBJC_ARC = YES;
				CLANG_ENABLE_OBJC_WEAK = YES;
				CLANG_WARN_BLOCK_CAPTURE_AUTORELEASING = YES;
				CLANG_WARN_BOOL_CONVERSION = YES;
				CLANG_WARN_COMMA = YES;
				CLANG_WARN_CONSTANT_CONVERSION = YES;
				CLANG_WARN_DEPRECATED_OBJC_IMPLEMENTATIONS = YES;
				CLANG_WARN_DIRECT_OBJC_ISA_USAGE = YES_ERROR;
				CLANG_WARN_DOCUMENTATION_COMMENTS = YES;
				CLANG_WARN_EMPTY_BODY = YES;
				CLANG_WARN_ENUM_CONVERSION = YES;
				CLANG_WARN_INFINITE_RECURSION = YES;
				CLANG_WARN_INT_CONVERSION = YES;
				CLANG_WARN_NON_LITERAL_NULL_CONVERSION = YES;
				CLANG_WARN_OBJC_IMPLICIT_RETAIN_SELF = YES;
				CLANG_WARN_OBJC_LITERAL_CONVERSION = YES;
				CLANG_WARN_OBJC_ROOT_CLASS = YES_ERROR;
				CLANG_WARN_QUOTED_INCLUDE_IN_FRAMEWORK_HEADER = YES;
				CLANG_WARN_RANGE_LOOP_ANALYSIS = YES;
				CLANG_WARN_STRICT_PROTOTYPES = YES;
				CLANG_WARN_SUSPICIOUS_MOVE = YES;
				CLANG_WARN_UNGUARDED_AVAILABILITY = YES_AGGRESSIVE;
				CLANG_WARN_UNREACHABLE_CODE = YES;
				CLANG_WARN__DUPLICATE_METHOD_MATCH = YES;
				COPY_PHASE_STRIP = NO;
				CURRENT_PROJECT_VERSION = 1;
				DEBUG_INFORMATION_FORMAT = "dwarf-with-dsym";
				ENABLE_NS_ASSERTIONS = NO;
				ENABLE_STRICT_OBJC_MSGSEND = YES;
				GCC_C_LANGUAGE_STANDARD = gnu11;
				GCC_NO_COMMON_BLOCKS = YES;
				GCC_WARN_64_TO_32_BIT_CONVERSION = YES;
				GCC_WARN_ABOUT_RETURN_TYPE = YES_ERROR;
				GCC_WARN_UNDECLARED_SELECTOR = YES;
				GCC_WARN_UNINITIALIZED_AUTOS = YES_AGGRESSIVE;
				GCC_WARN_UNUSED_FUNCTION = YES;
				GCC_WARN_UNUSED_VARIABLE = YES;
				IPHONEOS_DEPLOYMENT_TARGET = 14.5;
				MACOSX_DEPLOYMENT_TARGET = 11.1;
				MTL_ENABLE_DEBUG_INFO = NO;
				MTL_FAST_MATH = YES;
				SDKROOT = macosx;
				SWIFT_COMPILATION_MODE = wholemodule;
				SWIFT_OPTIMIZATION_LEVEL = "-O";
				VERSIONING_SYSTEM = "apple-generic";
				VERSION_INFO_PREFIX = "";
			};
			name = Release;
		};
		38AAD48A261B4549004D6AF6 /* Debug */ = {
			isa = XCBuildConfiguration;
			buildSettings = {
				CLANG_ENABLE_MODULES = YES;
				CODE_SIGN_STYLE = Automatic;
				COMBINE_HIDPI_IMAGES = YES;
				DEFINES_MODULE = YES;
				DEVELOPMENT_TEAM = 59983C7393;
				DYLIB_COMPATIBILITY_VERSION = 1;
				DYLIB_CURRENT_VERSION = 1;
				DYLIB_INSTALL_NAME_BASE = "@rpath";
				INFOPLIST_FILE = EssentialFeed/Info.plist;
				INSTALL_PATH = "$(LOCAL_LIBRARY_DIR)/Frameworks";
				IPHONEOS_DEPLOYMENT_TARGET = 14.0;
				LD_RUNPATH_SEARCH_PATHS = (
					"$(inherited)",
					"@executable_path/../Frameworks",
					"@loader_path/Frameworks",
				);
				MACOSX_DEPLOYMENT_TARGET = 11.0;
				MARKETING_VERSION = 1.0.0;
				PRODUCT_BUNDLE_IDENTIFIER = de.linkandreas.EssentialFeed;
				PRODUCT_NAME = "$(TARGET_NAME:c99extidentifier)";
				SKIP_INSTALL = YES;
				SUPPORTED_PLATFORMS = "macosx iphonesimulator iphoneos";
				SWIFT_OPTIMIZATION_LEVEL = "-Onone";
				SWIFT_VERSION = 5.0;
				TVOS_DEPLOYMENT_TARGET = 14.0;
				WATCHOS_DEPLOYMENT_TARGET = 6.0;
			};
			name = Debug;
		};
		38AAD48B261B4549004D6AF6 /* Release */ = {
			isa = XCBuildConfiguration;
			buildSettings = {
				CLANG_ENABLE_MODULES = YES;
				CODE_SIGN_STYLE = Automatic;
				COMBINE_HIDPI_IMAGES = YES;
				DEFINES_MODULE = YES;
				DEVELOPMENT_TEAM = 59983C7393;
				DYLIB_COMPATIBILITY_VERSION = 1;
				DYLIB_CURRENT_VERSION = 1;
				DYLIB_INSTALL_NAME_BASE = "@rpath";
				INFOPLIST_FILE = EssentialFeed/Info.plist;
				INSTALL_PATH = "$(LOCAL_LIBRARY_DIR)/Frameworks";
				IPHONEOS_DEPLOYMENT_TARGET = 14.0;
				LD_RUNPATH_SEARCH_PATHS = (
					"$(inherited)",
					"@executable_path/../Frameworks",
					"@loader_path/Frameworks",
				);
				MACOSX_DEPLOYMENT_TARGET = 11.0;
				MARKETING_VERSION = 1.0.0;
				PRODUCT_BUNDLE_IDENTIFIER = de.linkandreas.EssentialFeed;
				PRODUCT_NAME = "$(TARGET_NAME:c99extidentifier)";
				SKIP_INSTALL = YES;
				SUPPORTED_PLATFORMS = "macosx iphonesimulator iphoneos";
				SWIFT_VERSION = 5.0;
				TVOS_DEPLOYMENT_TARGET = 14.0;
				WATCHOS_DEPLOYMENT_TARGET = 6.0;
			};
			name = Release;
		};
		38AAD48D261B4549004D6AF6 /* Debug */ = {
			isa = XCBuildConfiguration;
			buildSettings = {
				ALWAYS_EMBED_SWIFT_STANDARD_LIBRARIES = YES;
				CODE_SIGN_STYLE = Automatic;
				COMBINE_HIDPI_IMAGES = YES;
				DEVELOPMENT_TEAM = 59983C7393;
				INFOPLIST_FILE = EssentialFeedTests/Info.plist;
				LD_RUNPATH_SEARCH_PATHS = (
					"$(inherited)",
					"@executable_path/../Frameworks",
					"@loader_path/../Frameworks",
				);
				PRODUCT_BUNDLE_IDENTIFIER = de.linkandreas.EssentialFeedTests;
				PRODUCT_NAME = "$(TARGET_NAME)";
				SUPPORTED_PLATFORMS = "macosx iphonesimulator iphoneos";
				SWIFT_VERSION = 5.0;
				TVOS_DEPLOYMENT_TARGET = 14.5;
			};
			name = Debug;
		};
		38AAD48E261B4549004D6AF6 /* Release */ = {
			isa = XCBuildConfiguration;
			buildSettings = {
				ALWAYS_EMBED_SWIFT_STANDARD_LIBRARIES = YES;
				CODE_SIGN_STYLE = Automatic;
				COMBINE_HIDPI_IMAGES = YES;
				DEVELOPMENT_TEAM = 59983C7393;
				INFOPLIST_FILE = EssentialFeedTests/Info.plist;
				LD_RUNPATH_SEARCH_PATHS = (
					"$(inherited)",
					"@executable_path/../Frameworks",
					"@loader_path/../Frameworks",
				);
				PRODUCT_BUNDLE_IDENTIFIER = de.linkandreas.EssentialFeedTests;
				PRODUCT_NAME = "$(TARGET_NAME)";
				SUPPORTED_PLATFORMS = "macosx iphonesimulator iphoneos";
				SWIFT_VERSION = 5.0;
				TVOS_DEPLOYMENT_TARGET = 14.5;
			};
			name = Release;
		};
		38EF492226553D5200EE6AF8 /* Debug */ = {
			isa = XCBuildConfiguration;
			buildSettings = {
				CODE_SIGN_STYLE = Automatic;
				COMBINE_HIDPI_IMAGES = YES;
				DEVELOPMENT_TEAM = 59983C7393;
				INFOPLIST_FILE = EssentialFeedAPIEndToEndTests/Info.plist;
				LD_RUNPATH_SEARCH_PATHS = (
					"$(inherited)",
					"@executable_path/../Frameworks",
					"@loader_path/../Frameworks",
				);
				MACOSX_DEPLOYMENT_TARGET = 11.1;
				PRODUCT_BUNDLE_IDENTIFIER = de.linkandreas.EssentialFeedAPIEndToEndTests;
				PRODUCT_NAME = "$(TARGET_NAME)";
				SUPPORTED_PLATFORMS = "macosx iphonesimulator iphoneos";
				SWIFT_VERSION = 5.0;
				TVOS_DEPLOYMENT_TARGET = 14.5;
			};
			name = Debug;
		};
		38EF492326553D5200EE6AF8 /* Release */ = {
			isa = XCBuildConfiguration;
			buildSettings = {
				CODE_SIGN_STYLE = Automatic;
				COMBINE_HIDPI_IMAGES = YES;
				DEVELOPMENT_TEAM = 59983C7393;
				INFOPLIST_FILE = EssentialFeedAPIEndToEndTests/Info.plist;
				LD_RUNPATH_SEARCH_PATHS = (
					"$(inherited)",
					"@executable_path/../Frameworks",
					"@loader_path/../Frameworks",
				);
				MACOSX_DEPLOYMENT_TARGET = 11.1;
				PRODUCT_BUNDLE_IDENTIFIER = de.linkandreas.EssentialFeedAPIEndToEndTests;
				PRODUCT_NAME = "$(TARGET_NAME)";
				SUPPORTED_PLATFORMS = "macosx iphonesimulator iphoneos";
				SWIFT_VERSION = 5.0;
				TVOS_DEPLOYMENT_TARGET = 14.5;
			};
			name = Release;
		};
/* End XCBuildConfiguration section */

/* Begin XCConfigurationList section */
		380E074126974E5600298C21 /* Build configuration list for PBXNativeTarget "EssentialFeedCacheIntegrationTests" */ = {
			isa = XCConfigurationList;
			buildConfigurations = (
				380E073F26974E5600298C21 /* Debug */,
				380E074026974E5600298C21 /* Release */,
			);
			defaultConfigurationIsVisible = 0;
			defaultConfigurationName = Release;
		};
		389D90CC26A46B1400216D63 /* Build configuration list for PBXNativeTarget "EssentialFeediOS" */ = {
			isa = XCConfigurationList;
			buildConfigurations = (
				389D90CD26A46B1400216D63 /* Debug */,
				389D90CE26A46B1400216D63 /* Release */,
			);
			defaultConfigurationIsVisible = 0;
			defaultConfigurationName = Release;
		};
		389D90CF26A46B1400216D63 /* Build configuration list for PBXNativeTarget "EssentialFeediOSTests" */ = {
			isa = XCConfigurationList;
			buildConfigurations = (
				389D90D026A46B1400216D63 /* Debug */,
				389D90D126A46B1400216D63 /* Release */,
			);
			defaultConfigurationIsVisible = 0;
			defaultConfigurationName = Release;
		};
		38AAD46F261B4549004D6AF6 /* Build configuration list for PBXProject "EssentialFeed" */ = {
			isa = XCConfigurationList;
			buildConfigurations = (
				38AAD487261B4549004D6AF6 /* Debug */,
				38AAD488261B4549004D6AF6 /* Release */,
			);
			defaultConfigurationIsVisible = 0;
			defaultConfigurationName = Release;
		};
		38AAD489261B4549004D6AF6 /* Build configuration list for PBXNativeTarget "EssentialFeed" */ = {
			isa = XCConfigurationList;
			buildConfigurations = (
				38AAD48A261B4549004D6AF6 /* Debug */,
				38AAD48B261B4549004D6AF6 /* Release */,
			);
			defaultConfigurationIsVisible = 0;
			defaultConfigurationName = Release;
		};
		38AAD48C261B4549004D6AF6 /* Build configuration list for PBXNativeTarget "EssentialFeedTests" */ = {
			isa = XCConfigurationList;
			buildConfigurations = (
				38AAD48D261B4549004D6AF6 /* Debug */,
				38AAD48E261B4549004D6AF6 /* Release */,
			);
			defaultConfigurationIsVisible = 0;
			defaultConfigurationName = Release;
		};
		38EF492126553D5200EE6AF8 /* Build configuration list for PBXNativeTarget "EssentialFeedAPIEndToEndTests" */ = {
			isa = XCConfigurationList;
			buildConfigurations = (
				38EF492226553D5200EE6AF8 /* Debug */,
				38EF492326553D5200EE6AF8 /* Release */,
			);
			defaultConfigurationIsVisible = 0;
			defaultConfigurationName = Release;
		};
/* End XCConfigurationList section */

/* Begin XCVersionGroup section */
		389F8B3F2694D5BF003EF461 /* FeedStore.xcdatamodeld */ = {
			isa = XCVersionGroup;
			children = (
				385F861A2752295300B8349E /* FeedStore2.xcdatamodel */,
				389F8B402694D5BF003EF461 /* FeedStore.xcdatamodel */,
			);
			currentVersion = 385F861A2752295300B8349E /* FeedStore2.xcdatamodel */;
			path = FeedStore.xcdatamodeld;
			sourceTree = "<group>";
			versionGroupType = wrapper.xcdatamodel;
		};
/* End XCVersionGroup section */
	};
	rootObject = 38AAD46C261B4549004D6AF6 /* Project object */;
}
